// !$*UTF8*$!
{
	archiveVersion = 1;
	classes = {
	};
	objectVersion = 56;
	objects = {

/* Begin PBXBuildFile section */
		D26C80AF29BD01AA009393C3 /* RxCocoa in Frameworks */ = {isa = PBXBuildFile; productRef = D26C80AE29BD01AA009393C3 /* RxCocoa */; };
		D26C80B129BD01AA009393C3 /* RxSwift in Frameworks */ = {isa = PBXBuildFile; productRef = D26C80B029BD01AA009393C3 /* RxSwift */; };
		D26C80B429BD053C009393C3 /* UIColor.swift in Sources */ = {isa = PBXBuildFile; fileRef = D26C80B329BD053C009393C3 /* UIColor.swift */; };
		D26C80BA29BD0ECA009393C3 /* PickerViewController.swift in Sources */ = {isa = PBXBuildFile; fileRef = D26C80B929BD0ECA009393C3 /* PickerViewController.swift */; };
		D26C80BC29BD0EF2009393C3 /* PickerViewModel.swift in Sources */ = {isa = PBXBuildFile; fileRef = D26C80BB29BD0EF2009393C3 /* PickerViewModel.swift */; };
		D26C80BF29BD0F4A009393C3 /* PickerView.swift in Sources */ = {isa = PBXBuildFile; fileRef = D26C80BE29BD0F4A009393C3 /* PickerView.swift */; };
		D26C80C129BD0F69009393C3 /* PickerSubview.swift in Sources */ = {isa = PBXBuildFile; fileRef = D26C80C029BD0F69009393C3 /* PickerSubview.swift */; };
		D26C80C429BD1056009393C3 /* ListAllItemsViewController.swift in Sources */ = {isa = PBXBuildFile; fileRef = D26C80C329BD1056009393C3 /* ListAllItemsViewController.swift */; };
		D26C80C629BD10AD009393C3 /* ListAllItemsViewModel.swift in Sources */ = {isa = PBXBuildFile; fileRef = D26C80C529BD10AD009393C3 /* ListAllItemsViewModel.swift */; };
		D26C80C829BD10C9009393C3 /* ListAllItemsDataSource.swift in Sources */ = {isa = PBXBuildFile; fileRef = D26C80C729BD10C9009393C3 /* ListAllItemsDataSource.swift */; };
		D26C80CB29BD110D009393C3 /* ListAllItemsCell.swift in Sources */ = {isa = PBXBuildFile; fileRef = D26C80CA29BD110D009393C3 /* ListAllItemsCell.swift */; };
		D26C80CD29BD112B009393C3 /* ListAllItemsHeader.swift in Sources */ = {isa = PBXBuildFile; fileRef = D26C80CC29BD112B009393C3 /* ListAllItemsHeader.swift */; };
		D26C80CF29BD1149009393C3 /* ListAllItemsView.swift in Sources */ = {isa = PBXBuildFile; fileRef = D26C80CE29BD1149009393C3 /* ListAllItemsView.swift */; };
		D26C80D229BD11CA009393C3 /* LargeButton.swift in Sources */ = {isa = PBXBuildFile; fileRef = D26C80D129BD11CA009393C3 /* LargeButton.swift */; };
		D2EDA9F729C0F7B4001E247F /* UIView.swift in Sources */ = {isa = PBXBuildFile; fileRef = D2EDA9F629C0F7B4001E247F /* UIView.swift */; };
		D2EDA9F929C10FE0001E247F /* UIStackView.swift in Sources */ = {isa = PBXBuildFile; fileRef = D2EDA9F829C10FE0001E247F /* UIStackView.swift */; };
		D2EDA9FB29C119D6001E247F /* ListAllItemsViewController+Navigation.swift in Sources */ = {isa = PBXBuildFile; fileRef = D2EDA9FA29C119D6001E247F /* ListAllItemsViewController+Navigation.swift */; };
		D2EDA9FE29C3AC6B001E247F /* ExerciseDetailsViewController.swift in Sources */ = {isa = PBXBuildFile; fileRef = D2EDA9FD29C3AC6B001E247F /* ExerciseDetailsViewController.swift */; };
		D2EDAA0029C3AC9E001E247F /* ExerciseDetailsView.swift in Sources */ = {isa = PBXBuildFile; fileRef = D2EDA9FF29C3AC9E001E247F /* ExerciseDetailsView.swift */; };
		D2EDAA0229C3ACF4001E247F /* OverlayView.swift in Sources */ = {isa = PBXBuildFile; fileRef = D2EDAA0129C3ACF4001E247F /* OverlayView.swift */; };
		D2EDAA0429C3AD65001E247F /* ExerciseDetailsViewModel.swift in Sources */ = {isa = PBXBuildFile; fileRef = D2EDAA0329C3AD65001E247F /* ExerciseDetailsViewModel.swift */; };
		D2EDAA0629C3ADA0001E247F /* ExerciseDetailsDataSource.swift in Sources */ = {isa = PBXBuildFile; fileRef = D2EDAA0529C3ADA0001E247F /* ExerciseDetailsDataSource.swift */; };
		D2EFB9CE29BCFC97009EA5E5 /* AppDelegate.swift in Sources */ = {isa = PBXBuildFile; fileRef = D2EFB9CD29BCFC97009EA5E5 /* AppDelegate.swift */; };
		D2EFB9D029BCFC97009EA5E5 /* SceneDelegate.swift in Sources */ = {isa = PBXBuildFile; fileRef = D2EFB9CF29BCFC97009EA5E5 /* SceneDelegate.swift */; };
		D2EFB9D829BCFC97009EA5E5 /* RehApp.xcdatamodeld in Sources */ = {isa = PBXBuildFile; fileRef = D2EFB9D629BCFC97009EA5E5 /* RehApp.xcdatamodeld */; };
		D2EFB9DA29BCFC99009EA5E5 /* Assets.xcassets in Resources */ = {isa = PBXBuildFile; fileRef = D2EFB9D929BCFC99009EA5E5 /* Assets.xcassets */; };
		D2EFB9DD29BCFC99009EA5E5 /* LaunchScreen.storyboard in Resources */ = {isa = PBXBuildFile; fileRef = D2EFB9DB29BCFC99009EA5E5 /* LaunchScreen.storyboard */; };
		D2EFB9E829BCFC99009EA5E5 /* RehAppTests.swift in Sources */ = {isa = PBXBuildFile; fileRef = D2EFB9E729BCFC99009EA5E5 /* RehAppTests.swift */; };
/* End PBXBuildFile section */

/* Begin PBXContainerItemProxy section */
		D2EFB9E429BCFC99009EA5E5 /* PBXContainerItemProxy */ = {
			isa = PBXContainerItemProxy;
			containerPortal = D2EFB9C229BCFC97009EA5E5 /* Project object */;
			proxyType = 1;
			remoteGlobalIDString = D2EFB9C929BCFC97009EA5E5;
			remoteInfo = RehApp;
		};
		D2EFB9EE29BCFC99009EA5E5 /* PBXContainerItemProxy */ = {
			isa = PBXContainerItemProxy;
			containerPortal = D2EFB9C229BCFC97009EA5E5 /* Project object */;
			proxyType = 1;
			remoteGlobalIDString = D2EFB9C929BCFC97009EA5E5;
			remoteInfo = RehApp;
		};
/* End PBXContainerItemProxy section */

/* Begin PBXFileReference section */
		D26C80B329BD053C009393C3 /* UIColor.swift */ = {isa = PBXFileReference; lastKnownFileType = sourcecode.swift; path = UIColor.swift; sourceTree = "<group>"; };
		D26C80B929BD0ECA009393C3 /* PickerViewController.swift */ = {isa = PBXFileReference; lastKnownFileType = sourcecode.swift; path = PickerViewController.swift; sourceTree = "<group>"; };
		D26C80BB29BD0EF2009393C3 /* PickerViewModel.swift */ = {isa = PBXFileReference; lastKnownFileType = sourcecode.swift; path = PickerViewModel.swift; sourceTree = "<group>"; };
		D26C80BE29BD0F4A009393C3 /* PickerView.swift */ = {isa = PBXFileReference; lastKnownFileType = sourcecode.swift; path = PickerView.swift; sourceTree = "<group>"; };
		D26C80C029BD0F69009393C3 /* PickerSubview.swift */ = {isa = PBXFileReference; lastKnownFileType = sourcecode.swift; path = PickerSubview.swift; sourceTree = "<group>"; };
		D26C80C329BD1056009393C3 /* ListAllItemsViewController.swift */ = {isa = PBXFileReference; lastKnownFileType = sourcecode.swift; path = ListAllItemsViewController.swift; sourceTree = "<group>"; };
		D26C80C529BD10AD009393C3 /* ListAllItemsViewModel.swift */ = {isa = PBXFileReference; lastKnownFileType = sourcecode.swift; path = ListAllItemsViewModel.swift; sourceTree = "<group>"; };
		D26C80C729BD10C9009393C3 /* ListAllItemsDataSource.swift */ = {isa = PBXFileReference; lastKnownFileType = sourcecode.swift; path = ListAllItemsDataSource.swift; sourceTree = "<group>"; };
		D26C80CA29BD110D009393C3 /* ListAllItemsCell.swift */ = {isa = PBXFileReference; lastKnownFileType = sourcecode.swift; path = ListAllItemsCell.swift; sourceTree = "<group>"; };
		D26C80CC29BD112B009393C3 /* ListAllItemsHeader.swift */ = {isa = PBXFileReference; lastKnownFileType = sourcecode.swift; path = ListAllItemsHeader.swift; sourceTree = "<group>"; };
		D26C80CE29BD1149009393C3 /* ListAllItemsView.swift */ = {isa = PBXFileReference; lastKnownFileType = sourcecode.swift; path = ListAllItemsView.swift; sourceTree = "<group>"; };
		D26C80D129BD11CA009393C3 /* LargeButton.swift */ = {isa = PBXFileReference; lastKnownFileType = sourcecode.swift; path = LargeButton.swift; sourceTree = "<group>"; };
		D2EDA9F629C0F7B4001E247F /* UIView.swift */ = {isa = PBXFileReference; lastKnownFileType = sourcecode.swift; path = UIView.swift; sourceTree = "<group>"; };
		D2EDA9F829C10FE0001E247F /* UIStackView.swift */ = {isa = PBXFileReference; lastKnownFileType = sourcecode.swift; path = UIStackView.swift; sourceTree = "<group>"; };
		D2EDA9FA29C119D6001E247F /* ListAllItemsViewController+Navigation.swift */ = {isa = PBXFileReference; lastKnownFileType = sourcecode.swift; path = "ListAllItemsViewController+Navigation.swift"; sourceTree = "<group>"; };
		D2EDA9FD29C3AC6B001E247F /* ExerciseDetailsViewController.swift */ = {isa = PBXFileReference; lastKnownFileType = sourcecode.swift; path = ExerciseDetailsViewController.swift; sourceTree = "<group>"; };
		D2EDA9FF29C3AC9E001E247F /* ExerciseDetailsView.swift */ = {isa = PBXFileReference; lastKnownFileType = sourcecode.swift; path = ExerciseDetailsView.swift; sourceTree = "<group>"; };
		D2EDAA0129C3ACF4001E247F /* OverlayView.swift */ = {isa = PBXFileReference; lastKnownFileType = sourcecode.swift; path = OverlayView.swift; sourceTree = "<group>"; };
		D2EDAA0329C3AD65001E247F /* ExerciseDetailsViewModel.swift */ = {isa = PBXFileReference; lastKnownFileType = sourcecode.swift; path = ExerciseDetailsViewModel.swift; sourceTree = "<group>"; };
		D2EDAA0529C3ADA0001E247F /* ExerciseDetailsDataSource.swift */ = {isa = PBXFileReference; lastKnownFileType = sourcecode.swift; path = ExerciseDetailsDataSource.swift; sourceTree = "<group>"; };
		D2EFB9CA29BCFC97009EA5E5 /* RehApp.app */ = {isa = PBXFileReference; explicitFileType = wrapper.application; includeInIndex = 0; path = RehApp.app; sourceTree = BUILT_PRODUCTS_DIR; };
		D2EFB9CD29BCFC97009EA5E5 /* AppDelegate.swift */ = {isa = PBXFileReference; lastKnownFileType = sourcecode.swift; path = AppDelegate.swift; sourceTree = "<group>"; };
		D2EFB9CF29BCFC97009EA5E5 /* SceneDelegate.swift */ = {isa = PBXFileReference; lastKnownFileType = sourcecode.swift; path = SceneDelegate.swift; sourceTree = "<group>"; };
		D2EFB9D729BCFC97009EA5E5 /* RehApp.xcdatamodel */ = {isa = PBXFileReference; lastKnownFileType = wrapper.xcdatamodel; path = RehApp.xcdatamodel; sourceTree = "<group>"; };
		D2EFB9D929BCFC99009EA5E5 /* Assets.xcassets */ = {isa = PBXFileReference; lastKnownFileType = folder.assetcatalog; path = Assets.xcassets; sourceTree = "<group>"; };
		D2EFB9DC29BCFC99009EA5E5 /* Base */ = {isa = PBXFileReference; lastKnownFileType = file.storyboard; name = Base; path = Base.lproj/LaunchScreen.storyboard; sourceTree = "<group>"; };
		D2EFB9DE29BCFC99009EA5E5 /* Info.plist */ = {isa = PBXFileReference; lastKnownFileType = text.plist.xml; path = Info.plist; sourceTree = "<group>"; };
		D2EFB9E329BCFC99009EA5E5 /* RehAppTests.xctest */ = {isa = PBXFileReference; explicitFileType = wrapper.cfbundle; includeInIndex = 0; path = RehAppTests.xctest; sourceTree = BUILT_PRODUCTS_DIR; };
		D2EFB9E729BCFC99009EA5E5 /* RehAppTests.swift */ = {isa = PBXFileReference; lastKnownFileType = sourcecode.swift; path = RehAppTests.swift; sourceTree = "<group>"; };
		D2EFB9ED29BCFC99009EA5E5 /* RehAppUITests.xctest */ = {isa = PBXFileReference; explicitFileType = wrapper.cfbundle; includeInIndex = 0; path = RehAppUITests.xctest; sourceTree = BUILT_PRODUCTS_DIR; };
/* End PBXFileReference section */

/* Begin PBXFrameworksBuildPhase section */
		D2EFB9C729BCFC97009EA5E5 /* Frameworks */ = {
			isa = PBXFrameworksBuildPhase;
			buildActionMask = 2147483647;
			files = (
				D26C80B129BD01AA009393C3 /* RxSwift in Frameworks */,
				D26C80AF29BD01AA009393C3 /* RxCocoa in Frameworks */,
			);
			runOnlyForDeploymentPostprocessing = 0;
		};
		D2EFB9E029BCFC99009EA5E5 /* Frameworks */ = {
			isa = PBXFrameworksBuildPhase;
			buildActionMask = 2147483647;
			files = (
			);
			runOnlyForDeploymentPostprocessing = 0;
		};
		D2EFB9EA29BCFC99009EA5E5 /* Frameworks */ = {
			isa = PBXFrameworksBuildPhase;
			buildActionMask = 2147483647;
			files = (
			);
			runOnlyForDeploymentPostprocessing = 0;
		};
/* End PBXFrameworksBuildPhase section */

/* Begin PBXGroup section */
		D26C80B229BD0524009393C3 /* Visual design */ = {
			isa = PBXGroup;
			children = (
				D26C80B329BD053C009393C3 /* UIColor.swift */,
			);
			path = "Visual design";
			sourceTree = "<group>";
		};
		D26C80B729BD0E83009393C3 /* Screens */ = {
			isa = PBXGroup;
			children = (
				D2EDA9FC29C3AC35001E247F /* ExerciseDetails */,
				D26C80C229BD102B009393C3 /* ListAllItems */,
				D26C80B829BD0EAE009393C3 /* ItemPicker */,
			);
			path = Screens;
			sourceTree = "<group>";
		};
		D26C80B829BD0EAE009393C3 /* ItemPicker */ = {
			isa = PBXGroup;
			children = (
				D26C80BD29BD0F39009393C3 /* Views */,
				D26C80B929BD0ECA009393C3 /* PickerViewController.swift */,
				D26C80BB29BD0EF2009393C3 /* PickerViewModel.swift */,
			);
			path = ItemPicker;
			sourceTree = "<group>";
		};
		D26C80BD29BD0F39009393C3 /* Views */ = {
			isa = PBXGroup;
			children = (
				D26C80BE29BD0F4A009393C3 /* PickerView.swift */,
				D26C80C029BD0F69009393C3 /* PickerSubview.swift */,
			);
			path = Views;
			sourceTree = "<group>";
		};
		D26C80C229BD102B009393C3 /* ListAllItems */ = {
			isa = PBXGroup;
			children = (
				D26C80C929BD10DD009393C3 /* Views */,
				D26C80C329BD1056009393C3 /* ListAllItemsViewController.swift */,
				D2EDA9FA29C119D6001E247F /* ListAllItemsViewController+Navigation.swift */,
				D26C80C529BD10AD009393C3 /* ListAllItemsViewModel.swift */,
				D26C80C729BD10C9009393C3 /* ListAllItemsDataSource.swift */,
			);
			path = ListAllItems;
			sourceTree = "<group>";
		};
		D26C80C929BD10DD009393C3 /* Views */ = {
			isa = PBXGroup;
			children = (
				D26C80CA29BD110D009393C3 /* ListAllItemsCell.swift */,
				D26C80CC29BD112B009393C3 /* ListAllItemsHeader.swift */,
				D26C80CE29BD1149009393C3 /* ListAllItemsView.swift */,
			);
			path = Views;
			sourceTree = "<group>";
		};
		D26C80D029BD11AC009393C3 /* Reusable components */ = {
			isa = PBXGroup;
			children = (
				D26C80D129BD11CA009393C3 /* LargeButton.swift */,
				D2EDAA0129C3ACF4001E247F /* OverlayView.swift */,
			);
			path = "Reusable components";
			sourceTree = "<group>";
		};
		D2EDA9F529C0F79E001E247F /* System extensions */ = {
			isa = PBXGroup;
			children = (
				D2EDA9F629C0F7B4001E247F /* UIView.swift */,
				D2EDA9F829C10FE0001E247F /* UIStackView.swift */,
			);
			path = "System extensions";
			sourceTree = "<group>";
		};
		D2EDA9FC29C3AC35001E247F /* ExerciseDetails */ = {
			isa = PBXGroup;
			children = (
				D2EDA9FD29C3AC6B001E247F /* ExerciseDetailsViewController.swift */,
				D2EDA9FF29C3AC9E001E247F /* ExerciseDetailsView.swift */,
				D2EDAA0329C3AD65001E247F /* ExerciseDetailsViewModel.swift */,
				D2EDAA0529C3ADA0001E247F /* ExerciseDetailsDataSource.swift */,
			);
			path = ExerciseDetails;
			sourceTree = "<group>";
		};
		D2EFB9C129BCFC97009EA5E5 = {
			isa = PBXGroup;
			children = (
				D2EFB9CC29BCFC97009EA5E5 /* RehApp */,
				D2EFB9E629BCFC99009EA5E5 /* RehAppTests */,
				D2EFB9CB29BCFC97009EA5E5 /* Products */,
			);
			sourceTree = "<group>";
		};
		D2EFB9CB29BCFC97009EA5E5 /* Products */ = {
			isa = PBXGroup;
			children = (
				D2EFB9CA29BCFC97009EA5E5 /* RehApp.app */,
				D2EFB9E329BCFC99009EA5E5 /* RehAppTests.xctest */,
				D2EFB9ED29BCFC99009EA5E5 /* RehAppUITests.xctest */,
			);
			name = Products;
			sourceTree = "<group>";
		};
		D2EFB9CC29BCFC97009EA5E5 /* RehApp */ = {
			isa = PBXGroup;
			children = (
				D2EFB9CD29BCFC97009EA5E5 /* AppDelegate.swift */,
				D2EFB9CF29BCFC97009EA5E5 /* SceneDelegate.swift */,
				D26C80B229BD0524009393C3 /* Visual design */,
				D2EDA9F529C0F79E001E247F /* System extensions */,
				D26C80D029BD11AC009393C3 /* Reusable components */,
				D26C80B729BD0E83009393C3 /* Screens */,
				D2EFB9D929BCFC99009EA5E5 /* Assets.xcassets */,
				D2EFB9DB29BCFC99009EA5E5 /* LaunchScreen.storyboard */,
				D2EFB9DE29BCFC99009EA5E5 /* Info.plist */,
				D2EFB9D629BCFC97009EA5E5 /* RehApp.xcdatamodeld */,
			);
			path = RehApp;
			sourceTree = "<group>";
		};
		D2EFB9E629BCFC99009EA5E5 /* RehAppTests */ = {
			isa = PBXGroup;
			children = (
				D2EFB9E729BCFC99009EA5E5 /* RehAppTests.swift */,
			);
			path = RehAppTests;
			sourceTree = "<group>";
		};
/* End PBXGroup section */

/* Begin PBXNativeTarget section */
		D2EFB9C929BCFC97009EA5E5 /* RehApp */ = {
			isa = PBXNativeTarget;
			buildConfigurationList = D2EFB9F729BCFC99009EA5E5 /* Build configuration list for PBXNativeTarget "RehApp" */;
			buildPhases = (
				D2EFB9C629BCFC97009EA5E5 /* Sources */,
				D26C80A129BD006C009393C3 /* SwiftLint */,
				D2EFB9C729BCFC97009EA5E5 /* Frameworks */,
				D2EFB9C829BCFC97009EA5E5 /* Resources */,
			);
			buildRules = (
			);
			dependencies = (
			);
			name = RehApp;
			packageProductDependencies = (
				D26C80AE29BD01AA009393C3 /* RxCocoa */,
				D26C80B029BD01AA009393C3 /* RxSwift */,
			);
			productName = RehApp;
			productReference = D2EFB9CA29BCFC97009EA5E5 /* RehApp.app */;
			productType = "com.apple.product-type.application";
		};
		D2EFB9E229BCFC99009EA5E5 /* RehAppTests */ = {
			isa = PBXNativeTarget;
			buildConfigurationList = D2EFB9FA29BCFC99009EA5E5 /* Build configuration list for PBXNativeTarget "RehAppTests" */;
			buildPhases = (
				D2EFB9DF29BCFC99009EA5E5 /* Sources */,
				D2EFB9E029BCFC99009EA5E5 /* Frameworks */,
				D2EFB9E129BCFC99009EA5E5 /* Resources */,
			);
			buildRules = (
			);
			dependencies = (
				D2EFB9E529BCFC99009EA5E5 /* PBXTargetDependency */,
			);
			name = RehAppTests;
			productName = RehAppTests;
			productReference = D2EFB9E329BCFC99009EA5E5 /* RehAppTests.xctest */;
			productType = "com.apple.product-type.bundle.unit-test";
		};
		D2EFB9EC29BCFC99009EA5E5 /* RehAppUITests */ = {
			isa = PBXNativeTarget;
			buildConfigurationList = D2EFB9FD29BCFC99009EA5E5 /* Build configuration list for PBXNativeTarget "RehAppUITests" */;
			buildPhases = (
				D2EFB9E929BCFC99009EA5E5 /* Sources */,
				D2EFB9EA29BCFC99009EA5E5 /* Frameworks */,
				D2EFB9EB29BCFC99009EA5E5 /* Resources */,
			);
			buildRules = (
			);
			dependencies = (
				D2EFB9EF29BCFC99009EA5E5 /* PBXTargetDependency */,
			);
			name = RehAppUITests;
			productName = RehAppUITests;
			productReference = D2EFB9ED29BCFC99009EA5E5 /* RehAppUITests.xctest */;
			productType = "com.apple.product-type.bundle.ui-testing";
		};
/* End PBXNativeTarget section */

/* Begin PBXProject section */
		D2EFB9C229BCFC97009EA5E5 /* Project object */ = {
			isa = PBXProject;
			attributes = {
				BuildIndependentTargetsInParallel = 1;
				LastSwiftUpdateCheck = 1420;
				LastUpgradeCheck = 1420;
				TargetAttributes = {
					D2EFB9C929BCFC97009EA5E5 = {
						CreatedOnToolsVersion = 14.2;
					};
					D2EFB9E229BCFC99009EA5E5 = {
						CreatedOnToolsVersion = 14.2;
						TestTargetID = D2EFB9C929BCFC97009EA5E5;
					};
					D2EFB9EC29BCFC99009EA5E5 = {
						CreatedOnToolsVersion = 14.2;
						TestTargetID = D2EFB9C929BCFC97009EA5E5;
					};
				};
			};
			buildConfigurationList = D2EFB9C529BCFC97009EA5E5 /* Build configuration list for PBXProject "RehApp" */;
			compatibilityVersion = "Xcode 14.0";
			developmentRegion = en;
			hasScannedForEncodings = 0;
			knownRegions = (
				en,
				Base,
			);
			mainGroup = D2EFB9C129BCFC97009EA5E5;
			packageReferences = (
				D26C80AD29BD01AA009393C3 /* XCRemoteSwiftPackageReference "RxSwift" */,
			);
			productRefGroup = D2EFB9CB29BCFC97009EA5E5 /* Products */;
			projectDirPath = "";
			projectRoot = "";
			targets = (
				D2EFB9C929BCFC97009EA5E5 /* RehApp */,
				D2EFB9E229BCFC99009EA5E5 /* RehAppTests */,
				D2EFB9EC29BCFC99009EA5E5 /* RehAppUITests */,
			);
		};
/* End PBXProject section */

/* Begin PBXResourcesBuildPhase section */
		D2EFB9C829BCFC97009EA5E5 /* Resources */ = {
			isa = PBXResourcesBuildPhase;
			buildActionMask = 2147483647;
			files = (
				D2EFB9DD29BCFC99009EA5E5 /* LaunchScreen.storyboard in Resources */,
				D2EFB9DA29BCFC99009EA5E5 /* Assets.xcassets in Resources */,
			);
			runOnlyForDeploymentPostprocessing = 0;
		};
		D2EFB9E129BCFC99009EA5E5 /* Resources */ = {
			isa = PBXResourcesBuildPhase;
			buildActionMask = 2147483647;
			files = (
			);
			runOnlyForDeploymentPostprocessing = 0;
		};
		D2EFB9EB29BCFC99009EA5E5 /* Resources */ = {
			isa = PBXResourcesBuildPhase;
			buildActionMask = 2147483647;
			files = (
			);
			runOnlyForDeploymentPostprocessing = 0;
		};
/* End PBXResourcesBuildPhase section */

/* Begin PBXShellScriptBuildPhase section */
		D26C80A129BD006C009393C3 /* SwiftLint */ = {
			isa = PBXShellScriptBuildPhase;
			alwaysOutOfDate = 1;
			buildActionMask = 2147483647;
			files = (
			);
			inputFileListPaths = (
			);
			inputPaths = (
			);
			name = SwiftLint;
			outputFileListPaths = (
			);
			outputPaths = (
			);
			runOnlyForDeploymentPostprocessing = 0;
			shellPath = /bin/sh;
			shellScript = "# Type a script or drag a script file from your workspace to insert its path.\nexport PATH=\"$PATH:/opt/homebrew/bin\"\nif which swiftlint > /dev/null; then\n  swiftlint\nelse\n  echo \"warning: SwiftLint not installed, download from https://github.com/realm/SwiftLint\"\nfi\n";
		};
/* End PBXShellScriptBuildPhase section */

/* Begin PBXSourcesBuildPhase section */
		D2EFB9C629BCFC97009EA5E5 /* Sources */ = {
			isa = PBXSourcesBuildPhase;
			buildActionMask = 2147483647;
			files = (
				D2EDAA0629C3ADA0001E247F /* ExerciseDetailsDataSource.swift in Sources */,
				D2EDA9F729C0F7B4001E247F /* UIView.swift in Sources */,
				D26C80CF29BD1149009393C3 /* ListAllItemsView.swift in Sources */,
				D2EDA9F929C10FE0001E247F /* UIStackView.swift in Sources */,
				D26C80BA29BD0ECA009393C3 /* PickerViewController.swift in Sources */,
				D26C80C829BD10C9009393C3 /* ListAllItemsDataSource.swift in Sources */,
				D26C80D229BD11CA009393C3 /* LargeButton.swift in Sources */,
				D26C80BC29BD0EF2009393C3 /* PickerViewModel.swift in Sources */,
				D2EDAA0429C3AD65001E247F /* ExerciseDetailsViewModel.swift in Sources */,
				D2EDA9FE29C3AC6B001E247F /* ExerciseDetailsViewController.swift in Sources */,
				D2EFB9CE29BCFC97009EA5E5 /* AppDelegate.swift in Sources */,
				D2EDAA0229C3ACF4001E247F /* OverlayView.swift in Sources */,
				D26C80C129BD0F69009393C3 /* PickerSubview.swift in Sources */,
				D26C80BF29BD0F4A009393C3 /* PickerView.swift in Sources */,
				D26C80CD29BD112B009393C3 /* ListAllItemsHeader.swift in Sources */,
				D26C80C629BD10AD009393C3 /* ListAllItemsViewModel.swift in Sources */,
				D2EDAA0029C3AC9E001E247F /* ExerciseDetailsView.swift in Sources */,
				D26C80C429BD1056009393C3 /* ListAllItemsViewController.swift in Sources */,
				D2EFB9D029BCFC97009EA5E5 /* SceneDelegate.swift in Sources */,
				D2EFB9D829BCFC97009EA5E5 /* RehApp.xcdatamodeld in Sources */,
				D26C80B429BD053C009393C3 /* UIColor.swift in Sources */,
				D26C80CB29BD110D009393C3 /* ListAllItemsCell.swift in Sources */,
				D2EDA9FB29C119D6001E247F /* ListAllItemsViewController+Navigation.swift in Sources */,
			);
			runOnlyForDeploymentPostprocessing = 0;
		};
		D2EFB9DF29BCFC99009EA5E5 /* Sources */ = {
			isa = PBXSourcesBuildPhase;
			buildActionMask = 2147483647;
			files = (
				D2EFB9E829BCFC99009EA5E5 /* RehAppTests.swift in Sources */,
			);
			runOnlyForDeploymentPostprocessing = 0;
		};
		D2EFB9E929BCFC99009EA5E5 /* Sources */ = {
			isa = PBXSourcesBuildPhase;
			buildActionMask = 2147483647;
			files = (
			);
			runOnlyForDeploymentPostprocessing = 0;
		};
/* End PBXSourcesBuildPhase section */

/* Begin PBXTargetDependency section */
		D2EFB9E529BCFC99009EA5E5 /* PBXTargetDependency */ = {
			isa = PBXTargetDependency;
			target = D2EFB9C929BCFC97009EA5E5 /* RehApp */;
			targetProxy = D2EFB9E429BCFC99009EA5E5 /* PBXContainerItemProxy */;
		};
		D2EFB9EF29BCFC99009EA5E5 /* PBXTargetDependency */ = {
			isa = PBXTargetDependency;
			target = D2EFB9C929BCFC97009EA5E5 /* RehApp */;
			targetProxy = D2EFB9EE29BCFC99009EA5E5 /* PBXContainerItemProxy */;
		};
/* End PBXTargetDependency section */

/* Begin PBXVariantGroup section */
		D2EFB9DB29BCFC99009EA5E5 /* LaunchScreen.storyboard */ = {
			isa = PBXVariantGroup;
			children = (
				D2EFB9DC29BCFC99009EA5E5 /* Base */,
			);
			name = LaunchScreen.storyboard;
			sourceTree = "<group>";
		};
/* End PBXVariantGroup section */

/* Begin XCBuildConfiguration section */
		D2EFB9F529BCFC99009EA5E5 /* Debug */ = {
			isa = XCBuildConfiguration;
			buildSettings = {
				ALWAYS_SEARCH_USER_PATHS = NO;
				CLANG_ANALYZER_NONNULL = YES;
				CLANG_ANALYZER_NUMBER_OBJECT_CONVERSION = YES_AGGRESSIVE;
				CLANG_CXX_LANGUAGE_STANDARD = "gnu++20";
				CLANG_ENABLE_MODULES = YES;
				CLANG_ENABLE_OBJC_ARC = YES;
				CLANG_ENABLE_OBJC_WEAK = YES;
				CLANG_WARN_BLOCK_CAPTURE_AUTORELEASING = YES;
				CLANG_WARN_BOOL_CONVERSION = YES;
				CLANG_WARN_COMMA = YES;
				CLANG_WARN_CONSTANT_CONVERSION = YES;
				CLANG_WARN_DEPRECATED_OBJC_IMPLEMENTATIONS = YES;
				CLANG_WARN_DIRECT_OBJC_ISA_USAGE = YES_ERROR;
				CLANG_WARN_DOCUMENTATION_COMMENTS = YES;
				CLANG_WARN_EMPTY_BODY = YES;
				CLANG_WARN_ENUM_CONVERSION = YES;
				CLANG_WARN_INFINITE_RECURSION = YES;
				CLANG_WARN_INT_CONVERSION = YES;
				CLANG_WARN_NON_LITERAL_NULL_CONVERSION = YES;
				CLANG_WARN_OBJC_IMPLICIT_RETAIN_SELF = YES;
				CLANG_WARN_OBJC_LITERAL_CONVERSION = YES;
				CLANG_WARN_OBJC_ROOT_CLASS = YES_ERROR;
				CLANG_WARN_QUOTED_INCLUDE_IN_FRAMEWORK_HEADER = YES;
				CLANG_WARN_RANGE_LOOP_ANALYSIS = YES;
				CLANG_WARN_STRICT_PROTOTYPES = YES;
				CLANG_WARN_SUSPICIOUS_MOVE = YES;
				CLANG_WARN_UNGUARDED_AVAILABILITY = YES_AGGRESSIVE;
				CLANG_WARN_UNREACHABLE_CODE = YES;
				CLANG_WARN__DUPLICATE_METHOD_MATCH = YES;
				COPY_PHASE_STRIP = NO;
				DEBUG_INFORMATION_FORMAT = dwarf;
				ENABLE_STRICT_OBJC_MSGSEND = YES;
				ENABLE_TESTABILITY = YES;
				GCC_C_LANGUAGE_STANDARD = gnu11;
				GCC_DYNAMIC_NO_PIC = NO;
				GCC_NO_COMMON_BLOCKS = YES;
				GCC_OPTIMIZATION_LEVEL = 0;
				GCC_PREPROCESSOR_DEFINITIONS = (
					"DEBUG=1",
					"$(inherited)",
				);
				GCC_WARN_64_TO_32_BIT_CONVERSION = YES;
				GCC_WARN_ABOUT_RETURN_TYPE = YES_ERROR;
				GCC_WARN_UNDECLARED_SELECTOR = YES;
				GCC_WARN_UNINITIALIZED_AUTOS = YES_AGGRESSIVE;
				GCC_WARN_UNUSED_FUNCTION = YES;
				GCC_WARN_UNUSED_VARIABLE = YES;
				IPHONEOS_DEPLOYMENT_TARGET = 16.2;
				MTL_ENABLE_DEBUG_INFO = INCLUDE_SOURCE;
				MTL_FAST_MATH = YES;
				ONLY_ACTIVE_ARCH = YES;
				SDKROOT = iphoneos;
				SWIFT_ACTIVE_COMPILATION_CONDITIONS = DEBUG;
				SWIFT_OPTIMIZATION_LEVEL = "-Onone";
			};
			name = Debug;
		};
		D2EFB9F629BCFC99009EA5E5 /* Release */ = {
			isa = XCBuildConfiguration;
			buildSettings = {
				ALWAYS_SEARCH_USER_PATHS = NO;
				CLANG_ANALYZER_NONNULL = YES;
				CLANG_ANALYZER_NUMBER_OBJECT_CONVERSION = YES_AGGRESSIVE;
				CLANG_CXX_LANGUAGE_STANDARD = "gnu++20";
				CLANG_ENABLE_MODULES = YES;
				CLANG_ENABLE_OBJC_ARC = YES;
				CLANG_ENABLE_OBJC_WEAK = YES;
				CLANG_WARN_BLOCK_CAPTURE_AUTORELEASING = YES;
				CLANG_WARN_BOOL_CONVERSION = YES;
				CLANG_WARN_COMMA = YES;
				CLANG_WARN_CONSTANT_CONVERSION = YES;
				CLANG_WARN_DEPRECATED_OBJC_IMPLEMENTATIONS = YES;
				CLANG_WARN_DIRECT_OBJC_ISA_USAGE = YES_ERROR;
				CLANG_WARN_DOCUMENTATION_COMMENTS = YES;
				CLANG_WARN_EMPTY_BODY = YES;
				CLANG_WARN_ENUM_CONVERSION = YES;
				CLANG_WARN_INFINITE_RECURSION = YES;
				CLANG_WARN_INT_CONVERSION = YES;
				CLANG_WARN_NON_LITERAL_NULL_CONVERSION = YES;
				CLANG_WARN_OBJC_IMPLICIT_RETAIN_SELF = YES;
				CLANG_WARN_OBJC_LITERAL_CONVERSION = YES;
				CLANG_WARN_OBJC_ROOT_CLASS = YES_ERROR;
				CLANG_WARN_QUOTED_INCLUDE_IN_FRAMEWORK_HEADER = YES;
				CLANG_WARN_RANGE_LOOP_ANALYSIS = YES;
				CLANG_WARN_STRICT_PROTOTYPES = YES;
				CLANG_WARN_SUSPICIOUS_MOVE = YES;
				CLANG_WARN_UNGUARDED_AVAILABILITY = YES_AGGRESSIVE;
				CLANG_WARN_UNREACHABLE_CODE = YES;
				CLANG_WARN__DUPLICATE_METHOD_MATCH = YES;
				COPY_PHASE_STRIP = NO;
				DEBUG_INFORMATION_FORMAT = "dwarf-with-dsym";
				ENABLE_NS_ASSERTIONS = NO;
				ENABLE_STRICT_OBJC_MSGSEND = YES;
				GCC_C_LANGUAGE_STANDARD = gnu11;
				GCC_NO_COMMON_BLOCKS = YES;
				GCC_WARN_64_TO_32_BIT_CONVERSION = YES;
				GCC_WARN_ABOUT_RETURN_TYPE = YES_ERROR;
				GCC_WARN_UNDECLARED_SELECTOR = YES;
				GCC_WARN_UNINITIALIZED_AUTOS = YES_AGGRESSIVE;
				GCC_WARN_UNUSED_FUNCTION = YES;
				GCC_WARN_UNUSED_VARIABLE = YES;
				IPHONEOS_DEPLOYMENT_TARGET = 16.2;
				MTL_ENABLE_DEBUG_INFO = NO;
				MTL_FAST_MATH = YES;
				SDKROOT = iphoneos;
				SWIFT_COMPILATION_MODE = wholemodule;
				SWIFT_OPTIMIZATION_LEVEL = "-O";
				VALIDATE_PRODUCT = YES;
			};
			name = Release;
		};
		D2EFB9F829BCFC99009EA5E5 /* Debug */ = {
			isa = XCBuildConfiguration;
			buildSettings = {
				ASSETCATALOG_COMPILER_APPICON_NAME = AppIcon;
				ASSETCATALOG_COMPILER_GLOBAL_ACCENT_COLOR_NAME = AccentColor;
				CODE_SIGN_STYLE = Automatic;
				CURRENT_PROJECT_VERSION = 1;
				DEVELOPMENT_TEAM = 7Z6F8AA842;
				GENERATE_INFOPLIST_FILE = YES;
				INFOPLIST_FILE = RehApp/Info.plist;
				INFOPLIST_KEY_UIApplicationSupportsIndirectInputEvents = YES;
				INFOPLIST_KEY_UILaunchStoryboardName = LaunchScreen;
				INFOPLIST_KEY_UIMainStoryboardFile = "";
				INFOPLIST_KEY_UISupportedInterfaceOrientations = UIInterfaceOrientationPortrait;
				LD_RUNPATH_SEARCH_PATHS = (
					"$(inherited)",
					"@executable_path/Frameworks",
				);
				MARKETING_VERSION = 1.0;
				PRODUCT_BUNDLE_IDENTIFIER = fer.masters.RehApp;
				PRODUCT_NAME = "$(TARGET_NAME)";
				SUPPORTED_PLATFORMS = "iphoneos iphonesimulator";
				SUPPORTS_MACCATALYST = NO;
				SUPPORTS_MAC_DESIGNED_FOR_IPHONE_IPAD = NO;
				SWIFT_EMIT_LOC_STRINGS = YES;
				SWIFT_VERSION = 5.0;
				TARGETED_DEVICE_FAMILY = "1,2";
			};
			name = Debug;
		};
		D2EFB9F929BCFC99009EA5E5 /* Release */ = {
			isa = XCBuildConfiguration;
			buildSettings = {
				ASSETCATALOG_COMPILER_APPICON_NAME = AppIcon;
				ASSETCATALOG_COMPILER_GLOBAL_ACCENT_COLOR_NAME = AccentColor;
				CODE_SIGN_STYLE = Automatic;
				CURRENT_PROJECT_VERSION = 1;
				DEVELOPMENT_TEAM = 7Z6F8AA842;
				GENERATE_INFOPLIST_FILE = YES;
				INFOPLIST_FILE = RehApp/Info.plist;
				INFOPLIST_KEY_UIApplicationSupportsIndirectInputEvents = YES;
				INFOPLIST_KEY_UILaunchStoryboardName = LaunchScreen;
				INFOPLIST_KEY_UIMainStoryboardFile = "";
				INFOPLIST_KEY_UISupportedInterfaceOrientations = UIInterfaceOrientationPortrait;
				LD_RUNPATH_SEARCH_PATHS = (
					"$(inherited)",
					"@executable_path/Frameworks",
				);
				MARKETING_VERSION = 1.0;
				PRODUCT_BUNDLE_IDENTIFIER = fer.masters.RehApp;
				PRODUCT_NAME = "$(TARGET_NAME)";
				SUPPORTED_PLATFORMS = "iphoneos iphonesimulator";
				SUPPORTS_MACCATALYST = NO;
				SUPPORTS_MAC_DESIGNED_FOR_IPHONE_IPAD = NO;
				SWIFT_EMIT_LOC_STRINGS = YES;
				SWIFT_VERSION = 5.0;
				TARGETED_DEVICE_FAMILY = "1,2";
			};
			name = Release;
		};
		D2EFB9FB29BCFC99009EA5E5 /* Debug */ = {
			isa = XCBuildConfiguration;
			buildSettings = {
				ALWAYS_EMBED_SWIFT_STANDARD_LIBRARIES = YES;
				BUNDLE_LOADER = "$(TEST_HOST)";
				CODE_SIGN_STYLE = Automatic;
				CURRENT_PROJECT_VERSION = 1;
				DEVELOPMENT_TEAM = 7Z6F8AA842;
				GENERATE_INFOPLIST_FILE = YES;
				IPHONEOS_DEPLOYMENT_TARGET = 16.2;
				MARKETING_VERSION = 1.0;
				PRODUCT_BUNDLE_IDENTIFIER = fer.masters.RehAppTests;
				PRODUCT_NAME = "$(TARGET_NAME)";
				SWIFT_EMIT_LOC_STRINGS = NO;
				SWIFT_VERSION = 5.0;
				TARGETED_DEVICE_FAMILY = "1,2";
				TEST_HOST = "$(BUILT_PRODUCTS_DIR)/RehApp.app/$(BUNDLE_EXECUTABLE_FOLDER_PATH)/RehApp";
			};
			name = Debug;
		};
		D2EFB9FC29BCFC99009EA5E5 /* Release */ = {
			isa = XCBuildConfiguration;
			buildSettings = {
				ALWAYS_EMBED_SWIFT_STANDARD_LIBRARIES = YES;
				BUNDLE_LOADER = "$(TEST_HOST)";
				CODE_SIGN_STYLE = Automatic;
				CURRENT_PROJECT_VERSION = 1;
				DEVELOPMENT_TEAM = 7Z6F8AA842;
				GENERATE_INFOPLIST_FILE = YES;
				IPHONEOS_DEPLOYMENT_TARGET = 16.2;
				MARKETING_VERSION = 1.0;
				PRODUCT_BUNDLE_IDENTIFIER = fer.masters.RehAppTests;
				PRODUCT_NAME = "$(TARGET_NAME)";
				SWIFT_EMIT_LOC_STRINGS = NO;
				SWIFT_VERSION = 5.0;
				TARGETED_DEVICE_FAMILY = "1,2";
				TEST_HOST = "$(BUILT_PRODUCTS_DIR)/RehApp.app/$(BUNDLE_EXECUTABLE_FOLDER_PATH)/RehApp";
			};
			name = Release;
		};
		D2EFB9FE29BCFC99009EA5E5 /* Debug */ = {
			isa = XCBuildConfiguration;
			buildSettings = {
				ALWAYS_EMBED_SWIFT_STANDARD_LIBRARIES = YES;
				CODE_SIGN_STYLE = Automatic;
				CURRENT_PROJECT_VERSION = 1;
				DEVELOPMENT_TEAM = 7Z6F8AA842;
				GENERATE_INFOPLIST_FILE = YES;
				MARKETING_VERSION = 1.0;
				PRODUCT_BUNDLE_IDENTIFIER = fer.masters.RehAppUITests;
				PRODUCT_NAME = "$(TARGET_NAME)";
				SWIFT_EMIT_LOC_STRINGS = NO;
				SWIFT_VERSION = 5.0;
				TARGETED_DEVICE_FAMILY = "1,2";
				TEST_TARGET_NAME = RehApp;
			};
			name = Debug;
		};
		D2EFB9FF29BCFC99009EA5E5 /* Release */ = {
			isa = XCBuildConfiguration;
			buildSettings = {
				ALWAYS_EMBED_SWIFT_STANDARD_LIBRARIES = YES;
				CODE_SIGN_STYLE = Automatic;
				CURRENT_PROJECT_VERSION = 1;
				DEVELOPMENT_TEAM = 7Z6F8AA842;
				GENERATE_INFOPLIST_FILE = YES;
				MARKETING_VERSION = 1.0;
				PRODUCT_BUNDLE_IDENTIFIER = fer.masters.RehAppUITests;
				PRODUCT_NAME = "$(TARGET_NAME)";
				SWIFT_EMIT_LOC_STRINGS = NO;
				SWIFT_VERSION = 5.0;
				TARGETED_DEVICE_FAMILY = "1,2";
				TEST_TARGET_NAME = RehApp;
			};
			name = Release;
		};
/* End XCBuildConfiguration section */

/* Begin XCConfigurationList section */
		D2EFB9C529BCFC97009EA5E5 /* Build configuration list for PBXProject "RehApp" */ = {
			isa = XCConfigurationList;
			buildConfigurations = (
				D2EFB9F529BCFC99009EA5E5 /* Debug */,
				D2EFB9F629BCFC99009EA5E5 /* Release */,
			);
			defaultConfigurationIsVisible = 0;
			defaultConfigurationName = Release;
		};
		D2EFB9F729BCFC99009EA5E5 /* Build configuration list for PBXNativeTarget "RehApp" */ = {
			isa = XCConfigurationList;
			buildConfigurations = (
				D2EFB9F829BCFC99009EA5E5 /* Debug */,
				D2EFB9F929BCFC99009EA5E5 /* Release */,
			);
			defaultConfigurationIsVisible = 0;
			defaultConfigurationName = Release;
		};
		D2EFB9FA29BCFC99009EA5E5 /* Build configuration list for PBXNativeTarget "RehAppTests" */ = {
			isa = XCConfigurationList;
			buildConfigurations = (
				D2EFB9FB29BCFC99009EA5E5 /* Debug */,
				D2EFB9FC29BCFC99009EA5E5 /* Release */,
			);
			defaultConfigurationIsVisible = 0;
			defaultConfigurationName = Release;
		};
		D2EFB9FD29BCFC99009EA5E5 /* Build configuration list for PBXNativeTarget "RehAppUITests" */ = {
			isa = XCConfigurationList;
			buildConfigurations = (
				D2EFB9FE29BCFC99009EA5E5 /* Debug */,
				D2EFB9FF29BCFC99009EA5E5 /* Release */,
			);
			defaultConfigurationIsVisible = 0;
			defaultConfigurationName = Release;
		};
/* End XCConfigurationList section */

/* Begin XCRemoteSwiftPackageReference section */
		D26C80AD29BD01AA009393C3 /* XCRemoteSwiftPackageReference "RxSwift" */ = {
			isa = XCRemoteSwiftPackageReference;
			repositoryURL = "https://github.com/ReactiveX/RxSwift";
			requirement = {
				kind = upToNextMajorVersion;
				minimumVersion = 6.0.0;
			};
		};
/* End XCRemoteSwiftPackageReference section */

/* Begin XCSwiftPackageProductDependency section */
		D26C80AE29BD01AA009393C3 /* RxCocoa */ = {
			isa = XCSwiftPackageProductDependency;
			package = D26C80AD29BD01AA009393C3 /* XCRemoteSwiftPackageReference "RxSwift" */;
			productName = RxCocoa;
		};
		D26C80B029BD01AA009393C3 /* RxSwift */ = {
			isa = XCSwiftPackageProductDependency;
			package = D26C80AD29BD01AA009393C3 /* XCRemoteSwiftPackageReference "RxSwift" */;
			productName = RxSwift;
		};
/* End XCSwiftPackageProductDependency section */

/* Begin XCVersionGroup section */
		D2EFB9D629BCFC97009EA5E5 /* RehApp.xcdatamodeld */ = {
			isa = XCVersionGroup;
			children = (
				D2EFB9D729BCFC97009EA5E5 /* RehApp.xcdatamodel */,
			);
			currentVersion = D2EFB9D729BCFC97009EA5E5 /* RehApp.xcdatamodel */;
			path = RehApp.xcdatamodeld;
			sourceTree = "<group>";
			versionGroupType = wrapper.xcdatamodel;
		};
/* End XCVersionGroup section */
	};
	rootObject = D2EFB9C229BCFC97009EA5E5 /* Project object */;
}
