// !$*UTF8*$!
{
	archiveVersion = 1;
	classes = {
	};
	objectVersion = 56;
	objects = {

/* Begin PBXBuildFile section */
		D208872029E335080016F407 /* NSManagedObject.swift in Sources */ = {isa = PBXBuildFile; fileRef = D208871F29E335080016F407 /* NSManagedObject.swift */; };
		D208872329E336540016F407 /* RehAppCache.swift in Sources */ = {isa = PBXBuildFile; fileRef = D208872229E336540016F407 /* RehAppCache.swift */; };
		D208872529E337450016F407 /* RehAppCache+Container.swift in Sources */ = {isa = PBXBuildFile; fileRef = D208872429E337450016F407 /* RehAppCache+Container.swift */; };
		D208872729E33B9A0016F407 /* RehAppCache+Reminders.swift in Sources */ = {isa = PBXBuildFile; fileRef = D208872629E33B9A0016F407 /* RehAppCache+Reminders.swift */; };
		D208872A29E355CF0016F407 /* RehAppNotifications.swift in Sources */ = {isa = PBXBuildFile; fileRef = D208872929E355CF0016F407 /* RehAppNotifications.swift */; };
		D208872D29E359CD0016F407 /* HealthStatisticsViewController.swift in Sources */ = {isa = PBXBuildFile; fileRef = D208872C29E359CD0016F407 /* HealthStatisticsViewController.swift */; };
		D208872F29E455BD0016F407 /* HealthStatisticsView.swift in Sources */ = {isa = PBXBuildFile; fileRef = D208872E29E455BD0016F407 /* HealthStatisticsView.swift */; };
		D208873229E46AEE0016F407 /* HealthData.swift in Sources */ = {isa = PBXBuildFile; fileRef = D208873129E46AEE0016F407 /* HealthData.swift */; };
		D208873529E49E990016F407 /* KeyValueView.swift in Sources */ = {isa = PBXBuildFile; fileRef = D208873429E49E990016F407 /* KeyValueView.swift */; };
		D21EB01F29DF64C10057938B /* ReminderAlertConfiguration.swift in Sources */ = {isa = PBXBuildFile; fileRef = D21EB01E29DF64C10057938B /* ReminderAlertConfiguration.swift */; };
		D23ED23529E724EC00E2E9A9 /* HealthStatisticsViewController+HealthProperties.swift in Sources */ = {isa = PBXBuildFile; fileRef = D23ED23429E724EC00E2E9A9 /* HealthStatisticsViewController+HealthProperties.swift */; };
		D256B27A29DB401700EF79E7 /* RehAppTabBarController.swift in Sources */ = {isa = PBXBuildFile; fileRef = D256B27929DB401700EF79E7 /* RehAppTabBarController.swift */; };
		D256B27D29DB436900EF79E7 /* RemindersViewController.swift in Sources */ = {isa = PBXBuildFile; fileRef = D256B27C29DB436900EF79E7 /* RemindersViewController.swift */; };
		D256B27F29DB55C500EF79E7 /* RehAppNavigationController.swift in Sources */ = {isa = PBXBuildFile; fileRef = D256B27E29DB55C500EF79E7 /* RehAppNavigationController.swift */; };
		D256B28129DB5EC700EF79E7 /* RemindersView.swift in Sources */ = {isa = PBXBuildFile; fileRef = D256B28029DB5EC700EF79E7 /* RemindersView.swift */; };
		D256B28329DB644F00EF79E7 /* RehAppTabType.swift in Sources */ = {isa = PBXBuildFile; fileRef = D256B28229DB644F00EF79E7 /* RehAppTabType.swift */; };
		D256B29129DB6F6C00EF79E7 /* ReminderVM.swift in Sources */ = {isa = PBXBuildFile; fileRef = D256B29029DB6F6C00EF79E7 /* ReminderVM.swift */; };
		D256B29329DB725600EF79E7 /* ReminderCell.swift in Sources */ = {isa = PBXBuildFile; fileRef = D256B29229DB725600EF79E7 /* ReminderCell.swift */; };
		D256B29529DB7AC000EF79E7 /* Formatters.swift in Sources */ = {isa = PBXBuildFile; fileRef = D256B29429DB7AC000EF79E7 /* Formatters.swift */; };
		D256B29729DB800B00EF79E7 /* CDReminder+VM.swift in Sources */ = {isa = PBXBuildFile; fileRef = D256B29629DB800B00EF79E7 /* CDReminder+VM.swift */; };
		D256B2A429DCD0EA00EF79E7 /* RehAppCache.xcdatamodeld in Sources */ = {isa = PBXBuildFile; fileRef = D256B29C29DB84D100EF79E7 /* RehAppCache.xcdatamodeld */; };
		D26C80AF29BD01AA009393C3 /* RxCocoa in Frameworks */ = {isa = PBXBuildFile; productRef = D26C80AE29BD01AA009393C3 /* RxCocoa */; };
		D26C80B129BD01AA009393C3 /* RxSwift in Frameworks */ = {isa = PBXBuildFile; productRef = D26C80B029BD01AA009393C3 /* RxSwift */; };
		D26C80B429BD053C009393C3 /* UIColor.swift in Sources */ = {isa = PBXBuildFile; fileRef = D26C80B329BD053C009393C3 /* UIColor.swift */; };
		D26C80BA29BD0ECA009393C3 /* PickerViewController.swift in Sources */ = {isa = PBXBuildFile; fileRef = D26C80B929BD0ECA009393C3 /* PickerViewController.swift */; };
		D26C80BC29BD0EF2009393C3 /* PickerViewModel.swift in Sources */ = {isa = PBXBuildFile; fileRef = D26C80BB29BD0EF2009393C3 /* PickerViewModel.swift */; };
		D26C80BF29BD0F4A009393C3 /* PickerView.swift in Sources */ = {isa = PBXBuildFile; fileRef = D26C80BE29BD0F4A009393C3 /* PickerView.swift */; };
		D26C80C129BD0F69009393C3 /* PickerSubview.swift in Sources */ = {isa = PBXBuildFile; fileRef = D26C80C029BD0F69009393C3 /* PickerSubview.swift */; };
		D26C80C429BD1056009393C3 /* ListAllItemsViewController.swift in Sources */ = {isa = PBXBuildFile; fileRef = D26C80C329BD1056009393C3 /* ListAllItemsViewController.swift */; };
		D26C80C629BD10AD009393C3 /* ListAllItemsViewModel.swift in Sources */ = {isa = PBXBuildFile; fileRef = D26C80C529BD10AD009393C3 /* ListAllItemsViewModel.swift */; };
		D26C80C829BD10C9009393C3 /* ListAllItemsDataSource.swift in Sources */ = {isa = PBXBuildFile; fileRef = D26C80C729BD10C9009393C3 /* ListAllItemsDataSource.swift */; };
		D26C80CB29BD110D009393C3 /* ListAllItemsCell.swift in Sources */ = {isa = PBXBuildFile; fileRef = D26C80CA29BD110D009393C3 /* ListAllItemsCell.swift */; };
		D26C80CD29BD112B009393C3 /* ListAllItemsHeader.swift in Sources */ = {isa = PBXBuildFile; fileRef = D26C80CC29BD112B009393C3 /* ListAllItemsHeader.swift */; };
		D26C80CF29BD1149009393C3 /* ListAllItemsView.swift in Sources */ = {isa = PBXBuildFile; fileRef = D26C80CE29BD1149009393C3 /* ListAllItemsView.swift */; };
		D26C80D229BD11CA009393C3 /* LargeButton.swift in Sources */ = {isa = PBXBuildFile; fileRef = D26C80D129BD11CA009393C3 /* LargeButton.swift */; };
		D270278229E1D36800BB8324 /* ReminderTitleTimeView.swift in Sources */ = {isa = PBXBuildFile; fileRef = D270278129E1D36800BB8324 /* ReminderTitleTimeView.swift */; };
		D270278429E1D52100BB8324 /* ReminderRepeatingSwitchView.swift in Sources */ = {isa = PBXBuildFile; fileRef = D270278329E1D52100BB8324 /* ReminderRepeatingSwitchView.swift */; };
		D270278629E1D80400BB8324 /* UIFont.swift in Sources */ = {isa = PBXBuildFile; fileRef = D270278529E1D80400BB8324 /* UIFont.swift */; };
		D2B11D7C29DF4B3A00AD9195 /* WheelsTimePicker.swift in Sources */ = {isa = PBXBuildFile; fileRef = D2B11D7B29DF4B3A00AD9195 /* WheelsTimePicker.swift */; };
		D2B11D7E29DF4BEF00AD9195 /* DateInputDelegate.swift in Sources */ = {isa = PBXBuildFile; fileRef = D2B11D7D29DF4BEF00AD9195 /* DateInputDelegate.swift */; };
		D2DB99C229DF413C0058A70C /* RemindersViewController+Alert.swift in Sources */ = {isa = PBXBuildFile; fileRef = D2DB99C129DF413C0058A70C /* RemindersViewController+Alert.swift */; };
		D2DB99C429DF41F80058A70C /* RemindersDataSource.swift in Sources */ = {isa = PBXBuildFile; fileRef = D2DB99C329DF41F80058A70C /* RemindersDataSource.swift */; };
		D2ECFBCD29D60D58004EAC6E /* RehAppViewController.swift in Sources */ = {isa = PBXBuildFile; fileRef = D2ECFBCC29D60D58004EAC6E /* RehAppViewController.swift */; };
		D2ECFBD029D6139D004EAC6E /* StreakCalendarViewController.swift in Sources */ = {isa = PBXBuildFile; fileRef = D2ECFBCF29D6139D004EAC6E /* StreakCalendarViewController.swift */; };
		D2ECFBD229D613E9004EAC6E /* StreakCalendarView.swift in Sources */ = {isa = PBXBuildFile; fileRef = D2ECFBD129D613E9004EAC6E /* StreakCalendarView.swift */; };
		D2EDA9F729C0F7B4001E247F /* UIView.swift in Sources */ = {isa = PBXBuildFile; fileRef = D2EDA9F629C0F7B4001E247F /* UIView.swift */; };
		D2EDA9F929C10FE0001E247F /* UIStackView.swift in Sources */ = {isa = PBXBuildFile; fileRef = D2EDA9F829C10FE0001E247F /* UIStackView.swift */; };
		D2EDA9FB29C119D6001E247F /* ListAllItemsViewController+Navigation.swift in Sources */ = {isa = PBXBuildFile; fileRef = D2EDA9FA29C119D6001E247F /* ListAllItemsViewController+Navigation.swift */; };
		D2EDA9FE29C3AC6B001E247F /* ExerciseDetailsViewController.swift in Sources */ = {isa = PBXBuildFile; fileRef = D2EDA9FD29C3AC6B001E247F /* ExerciseDetailsViewController.swift */; };
		D2EDAA0029C3AC9E001E247F /* ExerciseDetailsView.swift in Sources */ = {isa = PBXBuildFile; fileRef = D2EDA9FF29C3AC9E001E247F /* ExerciseDetailsView.swift */; };
		D2EDAA0229C3ACF4001E247F /* OverlayView.swift in Sources */ = {isa = PBXBuildFile; fileRef = D2EDAA0129C3ACF4001E247F /* OverlayView.swift */; };
		D2EDAA0429C3AD65001E247F /* ExerciseDetailsViewModel.swift in Sources */ = {isa = PBXBuildFile; fileRef = D2EDAA0329C3AD65001E247F /* ExerciseDetailsViewModel.swift */; };
		D2EDAA0629C3ADA0001E247F /* ExerciseDetailsDataSource.swift in Sources */ = {isa = PBXBuildFile; fileRef = D2EDAA0529C3ADA0001E247F /* ExerciseDetailsDataSource.swift */; };
		D2EFB9CE29BCFC97009EA5E5 /* AppDelegate.swift in Sources */ = {isa = PBXBuildFile; fileRef = D2EFB9CD29BCFC97009EA5E5 /* AppDelegate.swift */; };
		D2EFB9D029BCFC97009EA5E5 /* SceneDelegate.swift in Sources */ = {isa = PBXBuildFile; fileRef = D2EFB9CF29BCFC97009EA5E5 /* SceneDelegate.swift */; };
		D2EFB9DA29BCFC99009EA5E5 /* Assets.xcassets in Resources */ = {isa = PBXBuildFile; fileRef = D2EFB9D929BCFC99009EA5E5 /* Assets.xcassets */; };
		D2EFB9DD29BCFC99009EA5E5 /* LaunchScreen.storyboard in Resources */ = {isa = PBXBuildFile; fileRef = D2EFB9DB29BCFC99009EA5E5 /* LaunchScreen.storyboard */; };
		D2EFB9E829BCFC99009EA5E5 /* RehAppTests.swift in Sources */ = {isa = PBXBuildFile; fileRef = D2EFB9E729BCFC99009EA5E5 /* RehAppTests.swift */; };
/* End PBXBuildFile section */

/* Begin PBXContainerItemProxy section */
		D2EFB9E429BCFC99009EA5E5 /* PBXContainerItemProxy */ = {
			isa = PBXContainerItemProxy;
			containerPortal = D2EFB9C229BCFC97009EA5E5 /* Project object */;
			proxyType = 1;
			remoteGlobalIDString = D2EFB9C929BCFC97009EA5E5;
			remoteInfo = RehApp;
		};
/* End PBXContainerItemProxy section */

/* Begin PBXFileReference section */
		D208871F29E335080016F407 /* NSManagedObject.swift */ = {isa = PBXFileReference; lastKnownFileType = sourcecode.swift; path = NSManagedObject.swift; sourceTree = "<group>"; };
		D208872229E336540016F407 /* RehAppCache.swift */ = {isa = PBXFileReference; lastKnownFileType = sourcecode.swift; path = RehAppCache.swift; sourceTree = "<group>"; };
		D208872429E337450016F407 /* RehAppCache+Container.swift */ = {isa = PBXFileReference; lastKnownFileType = sourcecode.swift; path = "RehAppCache+Container.swift"; sourceTree = "<group>"; };
		D208872629E33B9A0016F407 /* RehAppCache+Reminders.swift */ = {isa = PBXFileReference; lastKnownFileType = sourcecode.swift; path = "RehAppCache+Reminders.swift"; sourceTree = "<group>"; };
		D208872929E355CF0016F407 /* RehAppNotifications.swift */ = {isa = PBXFileReference; lastKnownFileType = sourcecode.swift; path = RehAppNotifications.swift; sourceTree = "<group>"; };
		D208872C29E359CD0016F407 /* HealthStatisticsViewController.swift */ = {isa = PBXFileReference; lastKnownFileType = sourcecode.swift; path = HealthStatisticsViewController.swift; sourceTree = "<group>"; };
		D208872E29E455BD0016F407 /* HealthStatisticsView.swift */ = {isa = PBXFileReference; lastKnownFileType = sourcecode.swift; path = HealthStatisticsView.swift; sourceTree = "<group>"; };
		D208873129E46AEE0016F407 /* HealthData.swift */ = {isa = PBXFileReference; lastKnownFileType = sourcecode.swift; path = HealthData.swift; sourceTree = "<group>"; };
		D208873329E47D650016F407 /* RehApp.entitlements */ = {isa = PBXFileReference; lastKnownFileType = text.plist.entitlements; path = RehApp.entitlements; sourceTree = "<group>"; };
		D208873429E49E990016F407 /* KeyValueView.swift */ = {isa = PBXFileReference; lastKnownFileType = sourcecode.swift; path = KeyValueView.swift; sourceTree = "<group>"; };
		D21EB01E29DF64C10057938B /* ReminderAlertConfiguration.swift */ = {isa = PBXFileReference; lastKnownFileType = sourcecode.swift; path = ReminderAlertConfiguration.swift; sourceTree = "<group>"; };
		D23ED23429E724EC00E2E9A9 /* HealthStatisticsViewController+HealthProperties.swift */ = {isa = PBXFileReference; lastKnownFileType = sourcecode.swift; path = "HealthStatisticsViewController+HealthProperties.swift"; sourceTree = "<group>"; };
		D256B27929DB401700EF79E7 /* RehAppTabBarController.swift */ = {isa = PBXFileReference; lastKnownFileType = sourcecode.swift; path = RehAppTabBarController.swift; sourceTree = "<group>"; };
		D256B27C29DB436900EF79E7 /* RemindersViewController.swift */ = {isa = PBXFileReference; lastKnownFileType = sourcecode.swift; path = RemindersViewController.swift; sourceTree = "<group>"; };
		D256B27E29DB55C500EF79E7 /* RehAppNavigationController.swift */ = {isa = PBXFileReference; lastKnownFileType = sourcecode.swift; path = RehAppNavigationController.swift; sourceTree = "<group>"; };
		D256B28029DB5EC700EF79E7 /* RemindersView.swift */ = {isa = PBXFileReference; lastKnownFileType = sourcecode.swift; path = RemindersView.swift; sourceTree = "<group>"; };
		D256B28229DB644F00EF79E7 /* RehAppTabType.swift */ = {isa = PBXFileReference; lastKnownFileType = sourcecode.swift; path = RehAppTabType.swift; sourceTree = "<group>"; };
		D256B29029DB6F6C00EF79E7 /* ReminderVM.swift */ = {isa = PBXFileReference; lastKnownFileType = sourcecode.swift; path = ReminderVM.swift; sourceTree = "<group>"; };
		D256B29229DB725600EF79E7 /* ReminderCell.swift */ = {isa = PBXFileReference; lastKnownFileType = sourcecode.swift; path = ReminderCell.swift; sourceTree = "<group>"; };
		D256B29429DB7AC000EF79E7 /* Formatters.swift */ = {isa = PBXFileReference; lastKnownFileType = sourcecode.swift; path = Formatters.swift; sourceTree = "<group>"; };
		D256B29629DB800B00EF79E7 /* CDReminder+VM.swift */ = {isa = PBXFileReference; lastKnownFileType = sourcecode.swift; path = "CDReminder+VM.swift"; sourceTree = "<group>"; };
		D256B29D29DB84D100EF79E7 /* RehAppCoreData.xcdatamodel */ = {isa = PBXFileReference; lastKnownFileType = wrapper.xcdatamodel; path = RehAppCoreData.xcdatamodel; sourceTree = "<group>"; };
		D26C80B329BD053C009393C3 /* UIColor.swift */ = {isa = PBXFileReference; lastKnownFileType = sourcecode.swift; path = UIColor.swift; sourceTree = "<group>"; };
		D26C80B929BD0ECA009393C3 /* PickerViewController.swift */ = {isa = PBXFileReference; lastKnownFileType = sourcecode.swift; path = PickerViewController.swift; sourceTree = "<group>"; };
		D26C80BB29BD0EF2009393C3 /* PickerViewModel.swift */ = {isa = PBXFileReference; lastKnownFileType = sourcecode.swift; path = PickerViewModel.swift; sourceTree = "<group>"; };
		D26C80BE29BD0F4A009393C3 /* PickerView.swift */ = {isa = PBXFileReference; lastKnownFileType = sourcecode.swift; path = PickerView.swift; sourceTree = "<group>"; };
		D26C80C029BD0F69009393C3 /* PickerSubview.swift */ = {isa = PBXFileReference; lastKnownFileType = sourcecode.swift; path = PickerSubview.swift; sourceTree = "<group>"; };
		D26C80C329BD1056009393C3 /* ListAllItemsViewController.swift */ = {isa = PBXFileReference; lastKnownFileType = sourcecode.swift; path = ListAllItemsViewController.swift; sourceTree = "<group>"; };
		D26C80C529BD10AD009393C3 /* ListAllItemsViewModel.swift */ = {isa = PBXFileReference; lastKnownFileType = sourcecode.swift; path = ListAllItemsViewModel.swift; sourceTree = "<group>"; };
		D26C80C729BD10C9009393C3 /* ListAllItemsDataSource.swift */ = {isa = PBXFileReference; lastKnownFileType = sourcecode.swift; path = ListAllItemsDataSource.swift; sourceTree = "<group>"; };
		D26C80CA29BD110D009393C3 /* ListAllItemsCell.swift */ = {isa = PBXFileReference; lastKnownFileType = sourcecode.swift; path = ListAllItemsCell.swift; sourceTree = "<group>"; };
		D26C80CC29BD112B009393C3 /* ListAllItemsHeader.swift */ = {isa = PBXFileReference; lastKnownFileType = sourcecode.swift; path = ListAllItemsHeader.swift; sourceTree = "<group>"; };
		D26C80CE29BD1149009393C3 /* ListAllItemsView.swift */ = {isa = PBXFileReference; lastKnownFileType = sourcecode.swift; path = ListAllItemsView.swift; sourceTree = "<group>"; };
		D26C80D129BD11CA009393C3 /* LargeButton.swift */ = {isa = PBXFileReference; lastKnownFileType = sourcecode.swift; path = LargeButton.swift; sourceTree = "<group>"; };
		D270278129E1D36800BB8324 /* ReminderTitleTimeView.swift */ = {isa = PBXFileReference; lastKnownFileType = sourcecode.swift; path = ReminderTitleTimeView.swift; sourceTree = "<group>"; };
		D270278329E1D52100BB8324 /* ReminderRepeatingSwitchView.swift */ = {isa = PBXFileReference; lastKnownFileType = sourcecode.swift; path = ReminderRepeatingSwitchView.swift; sourceTree = "<group>"; };
		D270278529E1D80400BB8324 /* UIFont.swift */ = {isa = PBXFileReference; lastKnownFileType = sourcecode.swift; path = UIFont.swift; sourceTree = "<group>"; };
		D2B11D7B29DF4B3A00AD9195 /* WheelsTimePicker.swift */ = {isa = PBXFileReference; lastKnownFileType = sourcecode.swift; path = WheelsTimePicker.swift; sourceTree = "<group>"; };
		D2B11D7D29DF4BEF00AD9195 /* DateInputDelegate.swift */ = {isa = PBXFileReference; lastKnownFileType = sourcecode.swift; path = DateInputDelegate.swift; sourceTree = "<group>"; };
		D2DB99C129DF413C0058A70C /* RemindersViewController+Alert.swift */ = {isa = PBXFileReference; lastKnownFileType = sourcecode.swift; path = "RemindersViewController+Alert.swift"; sourceTree = "<group>"; };
		D2DB99C329DF41F80058A70C /* RemindersDataSource.swift */ = {isa = PBXFileReference; lastKnownFileType = sourcecode.swift; path = RemindersDataSource.swift; sourceTree = "<group>"; };
		D2ECFBCC29D60D58004EAC6E /* RehAppViewController.swift */ = {isa = PBXFileReference; lastKnownFileType = sourcecode.swift; path = RehAppViewController.swift; sourceTree = "<group>"; };
		D2ECFBCF29D6139D004EAC6E /* StreakCalendarViewController.swift */ = {isa = PBXFileReference; lastKnownFileType = sourcecode.swift; path = StreakCalendarViewController.swift; sourceTree = "<group>"; };
		D2ECFBD129D613E9004EAC6E /* StreakCalendarView.swift */ = {isa = PBXFileReference; lastKnownFileType = sourcecode.swift; path = StreakCalendarView.swift; sourceTree = "<group>"; };
		D2EDA9F629C0F7B4001E247F /* UIView.swift */ = {isa = PBXFileReference; lastKnownFileType = sourcecode.swift; path = UIView.swift; sourceTree = "<group>"; };
		D2EDA9F829C10FE0001E247F /* UIStackView.swift */ = {isa = PBXFileReference; lastKnownFileType = sourcecode.swift; path = UIStackView.swift; sourceTree = "<group>"; };
		D2EDA9FA29C119D6001E247F /* ListAllItemsViewController+Navigation.swift */ = {isa = PBXFileReference; lastKnownFileType = sourcecode.swift; path = "ListAllItemsViewController+Navigation.swift"; sourceTree = "<group>"; };
		D2EDA9FD29C3AC6B001E247F /* ExerciseDetailsViewController.swift */ = {isa = PBXFileReference; lastKnownFileType = sourcecode.swift; path = ExerciseDetailsViewController.swift; sourceTree = "<group>"; };
		D2EDA9FF29C3AC9E001E247F /* ExerciseDetailsView.swift */ = {isa = PBXFileReference; lastKnownFileType = sourcecode.swift; path = ExerciseDetailsView.swift; sourceTree = "<group>"; };
		D2EDAA0129C3ACF4001E247F /* OverlayView.swift */ = {isa = PBXFileReference; lastKnownFileType = sourcecode.swift; path = OverlayView.swift; sourceTree = "<group>"; };
		D2EDAA0329C3AD65001E247F /* ExerciseDetailsViewModel.swift */ = {isa = PBXFileReference; lastKnownFileType = sourcecode.swift; path = ExerciseDetailsViewModel.swift; sourceTree = "<group>"; };
		D2EDAA0529C3ADA0001E247F /* ExerciseDetailsDataSource.swift */ = {isa = PBXFileReference; lastKnownFileType = sourcecode.swift; path = ExerciseDetailsDataSource.swift; sourceTree = "<group>"; };
		D2EFB9CA29BCFC97009EA5E5 /* RehApp.app */ = {isa = PBXFileReference; explicitFileType = wrapper.application; includeInIndex = 0; path = RehApp.app; sourceTree = BUILT_PRODUCTS_DIR; };
		D2EFB9CD29BCFC97009EA5E5 /* AppDelegate.swift */ = {isa = PBXFileReference; lastKnownFileType = sourcecode.swift; path = AppDelegate.swift; sourceTree = "<group>"; };
		D2EFB9CF29BCFC97009EA5E5 /* SceneDelegate.swift */ = {isa = PBXFileReference; lastKnownFileType = sourcecode.swift; path = SceneDelegate.swift; sourceTree = "<group>"; };
		D2EFB9D929BCFC99009EA5E5 /* Assets.xcassets */ = {isa = PBXFileReference; lastKnownFileType = folder.assetcatalog; path = Assets.xcassets; sourceTree = "<group>"; };
		D2EFB9DC29BCFC99009EA5E5 /* Base */ = {isa = PBXFileReference; lastKnownFileType = file.storyboard; name = Base; path = Base.lproj/LaunchScreen.storyboard; sourceTree = "<group>"; };
		D2EFB9DE29BCFC99009EA5E5 /* Info.plist */ = {isa = PBXFileReference; lastKnownFileType = text.plist.xml; path = Info.plist; sourceTree = "<group>"; };
		D2EFB9E329BCFC99009EA5E5 /* RehAppTests.xctest */ = {isa = PBXFileReference; explicitFileType = wrapper.cfbundle; includeInIndex = 0; path = RehAppTests.xctest; sourceTree = BUILT_PRODUCTS_DIR; };
		D2EFB9E729BCFC99009EA5E5 /* RehAppTests.swift */ = {isa = PBXFileReference; lastKnownFileType = sourcecode.swift; path = RehAppTests.swift; sourceTree = "<group>"; };
/* End PBXFileReference section */

/* Begin PBXFrameworksBuildPhase section */
		D2EFB9C729BCFC97009EA5E5 /* Frameworks */ = {
			isa = PBXFrameworksBuildPhase;
			buildActionMask = 2147483647;
			files = (
				D26C80B129BD01AA009393C3 /* RxSwift in Frameworks */,
				D26C80AF29BD01AA009393C3 /* RxCocoa in Frameworks */,
			);
			runOnlyForDeploymentPostprocessing = 0;
		};
		D2EFB9E029BCFC99009EA5E5 /* Frameworks */ = {
			isa = PBXFrameworksBuildPhase;
			buildActionMask = 2147483647;
			files = (
			);
			runOnlyForDeploymentPostprocessing = 0;
		};
/* End PBXFrameworksBuildPhase section */

/* Begin PBXGroup section */
		D208872129E336240016F407 /* RehAppCache */ = {
			isa = PBXGroup;
			children = (
				D256B28429DB669800EF79E7 /* CoreData */,
				D208872229E336540016F407 /* RehAppCache.swift */,
				D208872429E337450016F407 /* RehAppCache+Container.swift */,
				D208872629E33B9A0016F407 /* RehAppCache+Reminders.swift */,
			);
			path = RehAppCache;
			sourceTree = "<group>";
		};
		D208872829E355930016F407 /* RehAppNotifications */ = {
			isa = PBXGroup;
			children = (
				D208872929E355CF0016F407 /* RehAppNotifications.swift */,
			);
			path = RehAppNotifications;
			sourceTree = "<group>";
		};
		D208872B29E359B20016F407 /* HealthStatistics */ = {
			isa = PBXGroup;
			children = (
				D208872C29E359CD0016F407 /* HealthStatisticsViewController.swift */,
				D23ED23429E724EC00E2E9A9 /* HealthStatisticsViewController+HealthProperties.swift */,
				D208872E29E455BD0016F407 /* HealthStatisticsView.swift */,
			);
			path = HealthStatistics;
			sourceTree = "<group>";
		};
		D208873029E46A900016F407 /* HealthData */ = {
			isa = PBXGroup;
			children = (
				D208873129E46AEE0016F407 /* HealthData.swift */,
			);
			path = HealthData;
			sourceTree = "<group>";
		};
		D256B27829DB3F5B00EF79E7 /* Navigation */ = {
			isa = PBXGroup;
			children = (
				D256B27929DB401700EF79E7 /* RehAppTabBarController.swift */,
				D256B28229DB644F00EF79E7 /* RehAppTabType.swift */,
			);
			path = Navigation;
			sourceTree = "<group>";
		};
		D256B27B29DB435300EF79E7 /* Reminders */ = {
			isa = PBXGroup;
			children = (
				D21EB01E29DF64C10057938B /* ReminderAlertConfiguration.swift */,
				D2DB99BE29DE1E6E0058A70C /* Views */,
				D256B27C29DB436900EF79E7 /* RemindersViewController.swift */,
				D2DB99C129DF413C0058A70C /* RemindersViewController+Alert.swift */,
				D2DB99C329DF41F80058A70C /* RemindersDataSource.swift */,
				D256B29029DB6F6C00EF79E7 /* ReminderVM.swift */,
			);
			path = Reminders;
			sourceTree = "<group>";
		};
		D256B28429DB669800EF79E7 /* CoreData */ = {
			isa = PBXGroup;
			children = (
				D256B29C29DB84D100EF79E7 /* RehAppCache.xcdatamodeld */,
				D256B29629DB800B00EF79E7 /* CDReminder+VM.swift */,
			);
			path = CoreData;
			sourceTree = "<group>";
		};
		D26C80B229BD0524009393C3 /* Visual design */ = {
			isa = PBXGroup;
			children = (
				D26C80B329BD053C009393C3 /* UIColor.swift */,
			);
			path = "Visual design";
			sourceTree = "<group>";
		};
		D26C80B729BD0E83009393C3 /* Screens */ = {
			isa = PBXGroup;
			children = (
				D208872B29E359B20016F407 /* HealthStatistics */,
				D256B27B29DB435300EF79E7 /* Reminders */,
				D2ECFBCE29D61388004EAC6E /* StreakCalendar */,
				D2EDA9FC29C3AC35001E247F /* ExerciseDetails */,
				D26C80C229BD102B009393C3 /* ListAllItems */,
				D26C80B829BD0EAE009393C3 /* ItemPicker */,
			);
			path = Screens;
			sourceTree = "<group>";
		};
		D26C80B829BD0EAE009393C3 /* ItemPicker */ = {
			isa = PBXGroup;
			children = (
				D26C80BD29BD0F39009393C3 /* Views */,
				D26C80B929BD0ECA009393C3 /* PickerViewController.swift */,
				D26C80BB29BD0EF2009393C3 /* PickerViewModel.swift */,
			);
			path = ItemPicker;
			sourceTree = "<group>";
		};
		D26C80BD29BD0F39009393C3 /* Views */ = {
			isa = PBXGroup;
			children = (
				D26C80BE29BD0F4A009393C3 /* PickerView.swift */,
				D26C80C029BD0F69009393C3 /* PickerSubview.swift */,
			);
			path = Views;
			sourceTree = "<group>";
		};
		D26C80C229BD102B009393C3 /* ListAllItems */ = {
			isa = PBXGroup;
			children = (
				D26C80C929BD10DD009393C3 /* Views */,
				D26C80C329BD1056009393C3 /* ListAllItemsViewController.swift */,
				D2EDA9FA29C119D6001E247F /* ListAllItemsViewController+Navigation.swift */,
				D26C80C529BD10AD009393C3 /* ListAllItemsViewModel.swift */,
				D26C80C729BD10C9009393C3 /* ListAllItemsDataSource.swift */,
			);
			path = ListAllItems;
			sourceTree = "<group>";
		};
		D26C80C929BD10DD009393C3 /* Views */ = {
			isa = PBXGroup;
			children = (
				D26C80CA29BD110D009393C3 /* ListAllItemsCell.swift */,
				D26C80CC29BD112B009393C3 /* ListAllItemsHeader.swift */,
				D26C80CE29BD1149009393C3 /* ListAllItemsView.swift */,
			);
			path = Views;
			sourceTree = "<group>";
		};
		D26C80D029BD11AC009393C3 /* Reusable components */ = {
			isa = PBXGroup;
			children = (
				D2B11D7A29DF4B1E00AD9195 /* DatePicker */,
				D26C80D129BD11CA009393C3 /* LargeButton.swift */,
				D2EDAA0129C3ACF4001E247F /* OverlayView.swift */,
				D2ECFBCC29D60D58004EAC6E /* RehAppViewController.swift */,
				D256B27E29DB55C500EF79E7 /* RehAppNavigationController.swift */,
				D208873429E49E990016F407 /* KeyValueView.swift */,
			);
			path = "Reusable components";
			sourceTree = "<group>";
		};
		D2B11D7A29DF4B1E00AD9195 /* DatePicker */ = {
			isa = PBXGroup;
			children = (
				D2B11D7B29DF4B3A00AD9195 /* WheelsTimePicker.swift */,
				D2B11D7D29DF4BEF00AD9195 /* DateInputDelegate.swift */,
			);
			path = DatePicker;
			sourceTree = "<group>";
		};
		D2DB99BE29DE1E6E0058A70C /* Views */ = {
			isa = PBXGroup;
			children = (
				D256B28029DB5EC700EF79E7 /* RemindersView.swift */,
				D256B29229DB725600EF79E7 /* ReminderCell.swift */,
				D270278129E1D36800BB8324 /* ReminderTitleTimeView.swift */,
				D270278329E1D52100BB8324 /* ReminderRepeatingSwitchView.swift */,
			);
			path = Views;
			sourceTree = "<group>";
		};
		D2ECFBCE29D61388004EAC6E /* StreakCalendar */ = {
			isa = PBXGroup;
			children = (
				D2ECFBCF29D6139D004EAC6E /* StreakCalendarViewController.swift */,
				D2ECFBD129D613E9004EAC6E /* StreakCalendarView.swift */,
			);
			path = StreakCalendar;
			sourceTree = "<group>";
		};
		D2EDA9F529C0F79E001E247F /* System extensions */ = {
			isa = PBXGroup;
			children = (
				D2EDA9F629C0F7B4001E247F /* UIView.swift */,
				D2EDA9F829C10FE0001E247F /* UIStackView.swift */,
				D270278529E1D80400BB8324 /* UIFont.swift */,
				D208871F29E335080016F407 /* NSManagedObject.swift */,
			);
			path = "System extensions";
			sourceTree = "<group>";
		};
		D2EDA9FC29C3AC35001E247F /* ExerciseDetails */ = {
			isa = PBXGroup;
			children = (
				D2EDA9FD29C3AC6B001E247F /* ExerciseDetailsViewController.swift */,
				D2EDA9FF29C3AC9E001E247F /* ExerciseDetailsView.swift */,
				D2EDAA0329C3AD65001E247F /* ExerciseDetailsViewModel.swift */,
				D2EDAA0529C3ADA0001E247F /* ExerciseDetailsDataSource.swift */,
			);
			path = ExerciseDetails;
			sourceTree = "<group>";
		};
		D2EFB9C129BCFC97009EA5E5 = {
			isa = PBXGroup;
			children = (
				D2EFB9CC29BCFC97009EA5E5 /* RehApp */,
				D2EFB9E629BCFC99009EA5E5 /* RehAppTests */,
				D2EFB9CB29BCFC97009EA5E5 /* Products */,
			);
			sourceTree = "<group>";
		};
		D2EFB9CB29BCFC97009EA5E5 /* Products */ = {
			isa = PBXGroup;
			children = (
				D2EFB9CA29BCFC97009EA5E5 /* RehApp.app */,
				D2EFB9E329BCFC99009EA5E5 /* RehAppTests.xctest */,
			);
			name = Products;
			sourceTree = "<group>";
		};
		D2EFB9CC29BCFC97009EA5E5 /* RehApp */ = {
			isa = PBXGroup;
			children = (
				D208873329E47D650016F407 /* RehApp.entitlements */,
				D2EFB9CD29BCFC97009EA5E5 /* AppDelegate.swift */,
				D2EFB9CF29BCFC97009EA5E5 /* SceneDelegate.swift */,
				D256B29429DB7AC000EF79E7 /* Formatters.swift */,
				D26C80B229BD0524009393C3 /* Visual design */,
				D2EDA9F529C0F79E001E247F /* System extensions */,
				D208872829E355930016F407 /* RehAppNotifications */,
				D208872129E336240016F407 /* RehAppCache */,
				D208873029E46A900016F407 /* HealthData */,
				D256B27829DB3F5B00EF79E7 /* Navigation */,
				D26C80D029BD11AC009393C3 /* Reusable components */,
				D26C80B729BD0E83009393C3 /* Screens */,
				D2EFB9D929BCFC99009EA5E5 /* Assets.xcassets */,
				D2EFB9DB29BCFC99009EA5E5 /* LaunchScreen.storyboard */,
				D2EFB9DE29BCFC99009EA5E5 /* Info.plist */,
			);
			path = RehApp;
			sourceTree = "<group>";
		};
		D2EFB9E629BCFC99009EA5E5 /* RehAppTests */ = {
			isa = PBXGroup;
			children = (
				D2EFB9E729BCFC99009EA5E5 /* RehAppTests.swift */,
			);
			path = RehAppTests;
			sourceTree = "<group>";
		};
/* End PBXGroup section */

/* Begin PBXNativeTarget section */
		D2EFB9C929BCFC97009EA5E5 /* RehApp */ = {
			isa = PBXNativeTarget;
			buildConfigurationList = D2EFB9F729BCFC99009EA5E5 /* Build configuration list for PBXNativeTarget "RehApp" */;
			buildPhases = (
				D2EFB9C629BCFC97009EA5E5 /* Sources */,
				D26C80A129BD006C009393C3 /* SwiftLint */,
				D2EFB9C729BCFC97009EA5E5 /* Frameworks */,
				D2EFB9C829BCFC97009EA5E5 /* Resources */,
			);
			buildRules = (
			);
			dependencies = (
			);
			name = RehApp;
			packageProductDependencies = (
				D26C80AE29BD01AA009393C3 /* RxCocoa */,
				D26C80B029BD01AA009393C3 /* RxSwift */,
			);
			productName = RehApp;
			productReference = D2EFB9CA29BCFC97009EA5E5 /* RehApp.app */;
			productType = "com.apple.product-type.application";
		};
		D2EFB9E229BCFC99009EA5E5 /* RehAppTests */ = {
			isa = PBXNativeTarget;
			buildConfigurationList = D2EFB9FA29BCFC99009EA5E5 /* Build configuration list for PBXNativeTarget "RehAppTests" */;
			buildPhases = (
				D2EFB9DF29BCFC99009EA5E5 /* Sources */,
				D2EFB9E029BCFC99009EA5E5 /* Frameworks */,
				D2EFB9E129BCFC99009EA5E5 /* Resources */,
			);
			buildRules = (
			);
			dependencies = (
				D2EFB9E529BCFC99009EA5E5 /* PBXTargetDependency */,
			);
			name = RehAppTests;
			productName = RehAppTests;
			productReference = D2EFB9E329BCFC99009EA5E5 /* RehAppTests.xctest */;
			productType = "com.apple.product-type.bundle.unit-test";
		};
/* End PBXNativeTarget section */

/* Begin PBXProject section */
		D2EFB9C229BCFC97009EA5E5 /* Project object */ = {
			isa = PBXProject;
			attributes = {
				BuildIndependentTargetsInParallel = 1;
				LastSwiftUpdateCheck = 1420;
				LastUpgradeCheck = 1420;
				TargetAttributes = {
					D2EFB9C929BCFC97009EA5E5 = {
						CreatedOnToolsVersion = 14.2;
					};
					D2EFB9E229BCFC99009EA5E5 = {
						CreatedOnToolsVersion = 14.2;
						TestTargetID = D2EFB9C929BCFC97009EA5E5;
					};
				};
			};
			buildConfigurationList = D2EFB9C529BCFC97009EA5E5 /* Build configuration list for PBXProject "RehApp" */;
			compatibilityVersion = "Xcode 14.0";
			developmentRegion = en;
			hasScannedForEncodings = 0;
			knownRegions = (
				en,
				Base,
			);
			mainGroup = D2EFB9C129BCFC97009EA5E5;
			packageReferences = (
				D26C80AD29BD01AA009393C3 /* XCRemoteSwiftPackageReference "RxSwift" */,
			);
			productRefGroup = D2EFB9CB29BCFC97009EA5E5 /* Products */;
			projectDirPath = "";
			projectRoot = "";
			targets = (
				D2EFB9C929BCFC97009EA5E5 /* RehApp */,
				D2EFB9E229BCFC99009EA5E5 /* RehAppTests */,
			);
		};
/* End PBXProject section */

/* Begin PBXResourcesBuildPhase section */
		D2EFB9C829BCFC97009EA5E5 /* Resources */ = {
			isa = PBXResourcesBuildPhase;
			buildActionMask = 2147483647;
			files = (
				D2EFB9DD29BCFC99009EA5E5 /* LaunchScreen.storyboard in Resources */,
				D2EFB9DA29BCFC99009EA5E5 /* Assets.xcassets in Resources */,
			);
			runOnlyForDeploymentPostprocessing = 0;
		};
		D2EFB9E129BCFC99009EA5E5 /* Resources */ = {
			isa = PBXResourcesBuildPhase;
			buildActionMask = 2147483647;
			files = (
			);
			runOnlyForDeploymentPostprocessing = 0;
		};
/* End PBXResourcesBuildPhase section */

/* Begin PBXShellScriptBuildPhase section */
		D26C80A129BD006C009393C3 /* SwiftLint */ = {
			isa = PBXShellScriptBuildPhase;
			alwaysOutOfDate = 1;
			buildActionMask = 2147483647;
			files = (
			);
			inputFileListPaths = (
			);
			inputPaths = (
			);
			name = SwiftLint;
			outputFileListPaths = (
			);
			outputPaths = (
			);
			runOnlyForDeploymentPostprocessing = 0;
			shellPath = /bin/sh;
			shellScript = "# Type a script or drag a script file from your workspace to insert its path.\nexport PATH=\"$PATH:/opt/homebrew/bin\"\nif which swiftlint > /dev/null; then\n  swiftlint\nelse\n  echo \"warning: SwiftLint not installed, download from https://github.com/realm/SwiftLint\"\nfi\n";
		};
/* End PBXShellScriptBuildPhase section */

/* Begin PBXSourcesBuildPhase section */
		D2EFB9C629BCFC97009EA5E5 /* Sources */ = {
			isa = PBXSourcesBuildPhase;
			buildActionMask = 2147483647;
			files = (
				D2EDAA0629C3ADA0001E247F /* ExerciseDetailsDataSource.swift in Sources */,
				D256B27A29DB401700EF79E7 /* RehAppTabBarController.swift in Sources */,
				D270278429E1D52100BB8324 /* ReminderRepeatingSwitchView.swift in Sources */,
				D2DB99C429DF41F80058A70C /* RemindersDataSource.swift in Sources */,
				D256B28129DB5EC700EF79E7 /* RemindersView.swift in Sources */,
				D256B29729DB800B00EF79E7 /* CDReminder+VM.swift in Sources */,
				D208872029E335080016F407 /* NSManagedObject.swift in Sources */,
				D208872529E337450016F407 /* RehAppCache+Container.swift in Sources */,
				D2EDA9F729C0F7B4001E247F /* UIView.swift in Sources */,
				D208872729E33B9A0016F407 /* RehAppCache+Reminders.swift in Sources */,
				D2ECFBD229D613E9004EAC6E /* StreakCalendarView.swift in Sources */,
				D270278629E1D80400BB8324 /* UIFont.swift in Sources */,
				D26C80CF29BD1149009393C3 /* ListAllItemsView.swift in Sources */,
				D208872D29E359CD0016F407 /* HealthStatisticsViewController.swift in Sources */,
				D2EDA9F929C10FE0001E247F /* UIStackView.swift in Sources */,
				D21EB01F29DF64C10057938B /* ReminderAlertConfiguration.swift in Sources */,
				D208872A29E355CF0016F407 /* RehAppNotifications.swift in Sources */,
				D26C80BA29BD0ECA009393C3 /* PickerViewController.swift in Sources */,
				D26C80C829BD10C9009393C3 /* ListAllItemsDataSource.swift in Sources */,
				D270278229E1D36800BB8324 /* ReminderTitleTimeView.swift in Sources */,
				D256B27D29DB436900EF79E7 /* RemindersViewController.swift in Sources */,
				D256B29529DB7AC000EF79E7 /* Formatters.swift in Sources */,
				D26C80D229BD11CA009393C3 /* LargeButton.swift in Sources */,
				D2DB99C229DF413C0058A70C /* RemindersViewController+Alert.swift in Sources */,
				D26C80BC29BD0EF2009393C3 /* PickerViewModel.swift in Sources */,
				D208872F29E455BD0016F407 /* HealthStatisticsView.swift in Sources */,
				D2EDAA0429C3AD65001E247F /* ExerciseDetailsViewModel.swift in Sources */,
				D2EDA9FE29C3AC6B001E247F /* ExerciseDetailsViewController.swift in Sources */,
				D2EFB9CE29BCFC97009EA5E5 /* AppDelegate.swift in Sources */,
				D2EDAA0229C3ACF4001E247F /* OverlayView.swift in Sources */,
				D2B11D7E29DF4BEF00AD9195 /* DateInputDelegate.swift in Sources */,
				D26C80C129BD0F69009393C3 /* PickerSubview.swift in Sources */,
				D26C80BF29BD0F4A009393C3 /* PickerView.swift in Sources */,
				D26C80CD29BD112B009393C3 /* ListAllItemsHeader.swift in Sources */,
				D256B27F29DB55C500EF79E7 /* RehAppNavigationController.swift in Sources */,
				D256B2A429DCD0EA00EF79E7 /* RehAppCache.xcdatamodeld in Sources */,
				D208873229E46AEE0016F407 /* HealthData.swift in Sources */,
				D23ED23529E724EC00E2E9A9 /* HealthStatisticsViewController+HealthProperties.swift in Sources */,
				D208872329E336540016F407 /* RehAppCache.swift in Sources */,
				D208873529E49E990016F407 /* KeyValueView.swift in Sources */,
				D26C80C629BD10AD009393C3 /* ListAllItemsViewModel.swift in Sources */,
				D2EDAA0029C3AC9E001E247F /* ExerciseDetailsView.swift in Sources */,
				D26C80C429BD1056009393C3 /* ListAllItemsViewController.swift in Sources */,
				D256B28329DB644F00EF79E7 /* RehAppTabType.swift in Sources */,
				D256B29129DB6F6C00EF79E7 /* ReminderVM.swift in Sources */,
				D2EFB9D029BCFC97009EA5E5 /* SceneDelegate.swift in Sources */,
				D2ECFBD029D6139D004EAC6E /* StreakCalendarViewController.swift in Sources */,
				D256B29329DB725600EF79E7 /* ReminderCell.swift in Sources */,
				D2ECFBCD29D60D58004EAC6E /* RehAppViewController.swift in Sources */,
				D26C80B429BD053C009393C3 /* UIColor.swift in Sources */,
				D2B11D7C29DF4B3A00AD9195 /* WheelsTimePicker.swift in Sources */,
				D26C80CB29BD110D009393C3 /* ListAllItemsCell.swift in Sources */,
				D2EDA9FB29C119D6001E247F /* ListAllItemsViewController+Navigation.swift in Sources */,
			);
			runOnlyForDeploymentPostprocessing = 0;
		};
		D2EFB9DF29BCFC99009EA5E5 /* Sources */ = {
			isa = PBXSourcesBuildPhase;
			buildActionMask = 2147483647;
			files = (
				D2EFB9E829BCFC99009EA5E5 /* RehAppTests.swift in Sources */,
			);
			runOnlyForDeploymentPostprocessing = 0;
		};
/* End PBXSourcesBuildPhase section */

/* Begin PBXTargetDependency section */
		D2EFB9E529BCFC99009EA5E5 /* PBXTargetDependency */ = {
			isa = PBXTargetDependency;
			target = D2EFB9C929BCFC97009EA5E5 /* RehApp */;
			targetProxy = D2EFB9E429BCFC99009EA5E5 /* PBXContainerItemProxy */;
		};
/* End PBXTargetDependency section */

/* Begin PBXVariantGroup section */
		D2EFB9DB29BCFC99009EA5E5 /* LaunchScreen.storyboard */ = {
			isa = PBXVariantGroup;
			children = (
				D2EFB9DC29BCFC99009EA5E5 /* Base */,
			);
			name = LaunchScreen.storyboard;
			sourceTree = "<group>";
		};
/* End PBXVariantGroup section */

/* Begin XCBuildConfiguration section */
		D2EFB9F529BCFC99009EA5E5 /* Debug */ = {
			isa = XCBuildConfiguration;
			buildSettings = {
				ALWAYS_SEARCH_USER_PATHS = NO;
				CLANG_ANALYZER_NONNULL = YES;
				CLANG_ANALYZER_NUMBER_OBJECT_CONVERSION = YES_AGGRESSIVE;
				CLANG_CXX_LANGUAGE_STANDARD = "gnu++20";
				CLANG_ENABLE_MODULES = YES;
				CLANG_ENABLE_OBJC_ARC = YES;
				CLANG_ENABLE_OBJC_WEAK = YES;
				CLANG_WARN_BLOCK_CAPTURE_AUTORELEASING = YES;
				CLANG_WARN_BOOL_CONVERSION = YES;
				CLANG_WARN_COMMA = YES;
				CLANG_WARN_CONSTANT_CONVERSION = YES;
				CLANG_WARN_DEPRECATED_OBJC_IMPLEMENTATIONS = YES;
				CLANG_WARN_DIRECT_OBJC_ISA_USAGE = YES_ERROR;
				CLANG_WARN_DOCUMENTATION_COMMENTS = YES;
				CLANG_WARN_EMPTY_BODY = YES;
				CLANG_WARN_ENUM_CONVERSION = YES;
				CLANG_WARN_INFINITE_RECURSION = YES;
				CLANG_WARN_INT_CONVERSION = YES;
				CLANG_WARN_NON_LITERAL_NULL_CONVERSION = YES;
				CLANG_WARN_OBJC_IMPLICIT_RETAIN_SELF = YES;
				CLANG_WARN_OBJC_LITERAL_CONVERSION = YES;
				CLANG_WARN_OBJC_ROOT_CLASS = YES_ERROR;
				CLANG_WARN_QUOTED_INCLUDE_IN_FRAMEWORK_HEADER = YES;
				CLANG_WARN_RANGE_LOOP_ANALYSIS = YES;
				CLANG_WARN_STRICT_PROTOTYPES = YES;
				CLANG_WARN_SUSPICIOUS_MOVE = YES;
				CLANG_WARN_UNGUARDED_AVAILABILITY = YES_AGGRESSIVE;
				CLANG_WARN_UNREACHABLE_CODE = YES;
				CLANG_WARN__DUPLICATE_METHOD_MATCH = YES;
				COPY_PHASE_STRIP = NO;
				DEBUG_INFORMATION_FORMAT = dwarf;
				ENABLE_STRICT_OBJC_MSGSEND = YES;
				ENABLE_TESTABILITY = YES;
				GCC_C_LANGUAGE_STANDARD = gnu11;
				GCC_DYNAMIC_NO_PIC = NO;
				GCC_NO_COMMON_BLOCKS = YES;
				GCC_OPTIMIZATION_LEVEL = 0;
				GCC_PREPROCESSOR_DEFINITIONS = (
					"DEBUG=1",
					"$(inherited)",
				);
				GCC_WARN_64_TO_32_BIT_CONVERSION = YES;
				GCC_WARN_ABOUT_RETURN_TYPE = YES_ERROR;
				GCC_WARN_UNDECLARED_SELECTOR = YES;
				GCC_WARN_UNINITIALIZED_AUTOS = YES_AGGRESSIVE;
				GCC_WARN_UNUSED_FUNCTION = YES;
				GCC_WARN_UNUSED_VARIABLE = YES;
				IPHONEOS_DEPLOYMENT_TARGET = 16.0;
				MTL_ENABLE_DEBUG_INFO = INCLUDE_SOURCE;
				MTL_FAST_MATH = YES;
				ONLY_ACTIVE_ARCH = YES;
				SDKROOT = iphoneos;
				SWIFT_ACTIVE_COMPILATION_CONDITIONS = DEBUG;
				SWIFT_OPTIMIZATION_LEVEL = "-Onone";
			};
			name = Debug;
		};
		D2EFB9F629BCFC99009EA5E5 /* Release */ = {
			isa = XCBuildConfiguration;
			buildSettings = {
				ALWAYS_SEARCH_USER_PATHS = NO;
				CLANG_ANALYZER_NONNULL = YES;
				CLANG_ANALYZER_NUMBER_OBJECT_CONVERSION = YES_AGGRESSIVE;
				CLANG_CXX_LANGUAGE_STANDARD = "gnu++20";
				CLANG_ENABLE_MODULES = YES;
				CLANG_ENABLE_OBJC_ARC = YES;
				CLANG_ENABLE_OBJC_WEAK = YES;
				CLANG_WARN_BLOCK_CAPTURE_AUTORELEASING = YES;
				CLANG_WARN_BOOL_CONVERSION = YES;
				CLANG_WARN_COMMA = YES;
				CLANG_WARN_CONSTANT_CONVERSION = YES;
				CLANG_WARN_DEPRECATED_OBJC_IMPLEMENTATIONS = YES;
				CLANG_WARN_DIRECT_OBJC_ISA_USAGE = YES_ERROR;
				CLANG_WARN_DOCUMENTATION_COMMENTS = YES;
				CLANG_WARN_EMPTY_BODY = YES;
				CLANG_WARN_ENUM_CONVERSION = YES;
				CLANG_WARN_INFINITE_RECURSION = YES;
				CLANG_WARN_INT_CONVERSION = YES;
				CLANG_WARN_NON_LITERAL_NULL_CONVERSION = YES;
				CLANG_WARN_OBJC_IMPLICIT_RETAIN_SELF = YES;
				CLANG_WARN_OBJC_LITERAL_CONVERSION = YES;
				CLANG_WARN_OBJC_ROOT_CLASS = YES_ERROR;
				CLANG_WARN_QUOTED_INCLUDE_IN_FRAMEWORK_HEADER = YES;
				CLANG_WARN_RANGE_LOOP_ANALYSIS = YES;
				CLANG_WARN_STRICT_PROTOTYPES = YES;
				CLANG_WARN_SUSPICIOUS_MOVE = YES;
				CLANG_WARN_UNGUARDED_AVAILABILITY = YES_AGGRESSIVE;
				CLANG_WARN_UNREACHABLE_CODE = YES;
				CLANG_WARN__DUPLICATE_METHOD_MATCH = YES;
				COPY_PHASE_STRIP = NO;
				DEBUG_INFORMATION_FORMAT = "dwarf-with-dsym";
				ENABLE_NS_ASSERTIONS = NO;
				ENABLE_STRICT_OBJC_MSGSEND = YES;
				GCC_C_LANGUAGE_STANDARD = gnu11;
				GCC_NO_COMMON_BLOCKS = YES;
				GCC_WARN_64_TO_32_BIT_CONVERSION = YES;
				GCC_WARN_ABOUT_RETURN_TYPE = YES_ERROR;
				GCC_WARN_UNDECLARED_SELECTOR = YES;
				GCC_WARN_UNINITIALIZED_AUTOS = YES_AGGRESSIVE;
				GCC_WARN_UNUSED_FUNCTION = YES;
				GCC_WARN_UNUSED_VARIABLE = YES;
				IPHONEOS_DEPLOYMENT_TARGET = 16.0;
				MTL_ENABLE_DEBUG_INFO = NO;
				MTL_FAST_MATH = YES;
				SDKROOT = iphoneos;
				SWIFT_COMPILATION_MODE = wholemodule;
				SWIFT_OPTIMIZATION_LEVEL = "-O";
				VALIDATE_PRODUCT = YES;
			};
			name = Release;
		};
		D2EFB9F829BCFC99009EA5E5 /* Debug */ = {
			isa = XCBuildConfiguration;
			buildSettings = {
				ASSETCATALOG_COMPILER_APPICON_NAME = AppIcon;
				ASSETCATALOG_COMPILER_GLOBAL_ACCENT_COLOR_NAME = AccentColor;
				CODE_SIGN_ENTITLEMENTS = RehApp/RehApp.entitlements;
				CODE_SIGN_STYLE = Automatic;
				CURRENT_PROJECT_VERSION = 1;
				DEVELOPMENT_TEAM = 39FY827X3C;
				GENERATE_INFOPLIST_FILE = YES;
				INFOPLIST_FILE = RehApp/Info.plist;
				INFOPLIST_KEY_UIApplicationSupportsIndirectInputEvents = YES;
				INFOPLIST_KEY_UILaunchStoryboardName = LaunchScreen;
				INFOPLIST_KEY_UIMainStoryboardFile = "";
				INFOPLIST_KEY_UISupportedInterfaceOrientations = UIInterfaceOrientationPortrait;
				LD_RUNPATH_SEARCH_PATHS = (
					"$(inherited)",
					"@executable_path/Frameworks",
				);
				MARKETING_VERSION = 1.0;
				PRODUCT_BUNDLE_IDENTIFIER = fer.masters.RehApp;
				PRODUCT_NAME = "$(TARGET_NAME)";
				SUPPORTED_PLATFORMS = "iphoneos iphonesimulator";
				SUPPORTS_MACCATALYST = NO;
				SUPPORTS_MAC_DESIGNED_FOR_IPHONE_IPAD = NO;
				SWIFT_EMIT_LOC_STRINGS = YES;
				SWIFT_VERSION = 5.0;
				TARGETED_DEVICE_FAMILY = "1,2";
			};
			name = Debug;
		};
		D2EFB9F929BCFC99009EA5E5 /* Release */ = {
			isa = XCBuildConfiguration;
			buildSettings = {
				ASSETCATALOG_COMPILER_APPICON_NAME = AppIcon;
				ASSETCATALOG_COMPILER_GLOBAL_ACCENT_COLOR_NAME = AccentColor;
				CODE_SIGN_ENTITLEMENTS = RehApp/RehApp.entitlements;
				CODE_SIGN_STYLE = Automatic;
				CURRENT_PROJECT_VERSION = 1;
				DEVELOPMENT_TEAM = 39FY827X3C;
				GENERATE_INFOPLIST_FILE = YES;
				INFOPLIST_FILE = RehApp/Info.plist;
				INFOPLIST_KEY_UIApplicationSupportsIndirectInputEvents = YES;
				INFOPLIST_KEY_UILaunchStoryboardName = LaunchScreen;
				INFOPLIST_KEY_UIMainStoryboardFile = "";
				INFOPLIST_KEY_UISupportedInterfaceOrientations = UIInterfaceOrientationPortrait;
				LD_RUNPATH_SEARCH_PATHS = (
					"$(inherited)",
					"@executable_path/Frameworks",
				);
				MARKETING_VERSION = 1.0;
				PRODUCT_BUNDLE_IDENTIFIER = fer.masters.RehApp;
				PRODUCT_NAME = "$(TARGET_NAME)";
				SUPPORTED_PLATFORMS = "iphoneos iphonesimulator";
				SUPPORTS_MACCATALYST = NO;
				SUPPORTS_MAC_DESIGNED_FOR_IPHONE_IPAD = NO;
				SWIFT_EMIT_LOC_STRINGS = YES;
				SWIFT_VERSION = 5.0;
				TARGETED_DEVICE_FAMILY = "1,2";
			};
			name = Release;
		};
		D2EFB9FB29BCFC99009EA5E5 /* Debug */ = {
			isa = XCBuildConfiguration;
			buildSettings = {
				ALWAYS_EMBED_SWIFT_STANDARD_LIBRARIES = YES;
				BUNDLE_LOADER = "$(TEST_HOST)";
				CODE_SIGN_STYLE = Automatic;
				CURRENT_PROJECT_VERSION = 1;
				DEVELOPMENT_TEAM = 7Z6F8AA842;
				GENERATE_INFOPLIST_FILE = YES;
				IPHONEOS_DEPLOYMENT_TARGET = 16.2;
				MARKETING_VERSION = 1.0;
				PRODUCT_BUNDLE_IDENTIFIER = fer.masters.RehAppTests;
				PRODUCT_NAME = "$(TARGET_NAME)";
				SWIFT_EMIT_LOC_STRINGS = NO;
				SWIFT_VERSION = 5.0;
				TARGETED_DEVICE_FAMILY = "1,2";
				TEST_HOST = "$(BUILT_PRODUCTS_DIR)/RehApp.app/$(BUNDLE_EXECUTABLE_FOLDER_PATH)/RehApp";
			};
			name = Debug;
		};
		D2EFB9FC29BCFC99009EA5E5 /* Release */ = {
			isa = XCBuildConfiguration;
			buildSettings = {
				ALWAYS_EMBED_SWIFT_STANDARD_LIBRARIES = YES;
				BUNDLE_LOADER = "$(TEST_HOST)";
				CODE_SIGN_STYLE = Automatic;
				CURRENT_PROJECT_VERSION = 1;
				DEVELOPMENT_TEAM = 7Z6F8AA842;
				GENERATE_INFOPLIST_FILE = YES;
				IPHONEOS_DEPLOYMENT_TARGET = 16.2;
				MARKETING_VERSION = 1.0;
				PRODUCT_BUNDLE_IDENTIFIER = fer.masters.RehAppTests;
				PRODUCT_NAME = "$(TARGET_NAME)";
				SWIFT_EMIT_LOC_STRINGS = NO;
				SWIFT_VERSION = 5.0;
				TARGETED_DEVICE_FAMILY = "1,2";
				TEST_HOST = "$(BUILT_PRODUCTS_DIR)/RehApp.app/$(BUNDLE_EXECUTABLE_FOLDER_PATH)/RehApp";
			};
			name = Release;
		};
/* End XCBuildConfiguration section */

/* Begin XCConfigurationList section */
		D2EFB9C529BCFC97009EA5E5 /* Build configuration list for PBXProject "RehApp" */ = {
			isa = XCConfigurationList;
			buildConfigurations = (
				D2EFB9F529BCFC99009EA5E5 /* Debug */,
				D2EFB9F629BCFC99009EA5E5 /* Release */,
			);
			defaultConfigurationIsVisible = 0;
			defaultConfigurationName = Release;
		};
		D2EFB9F729BCFC99009EA5E5 /* Build configuration list for PBXNativeTarget "RehApp" */ = {
			isa = XCConfigurationList;
			buildConfigurations = (
				D2EFB9F829BCFC99009EA5E5 /* Debug */,
				D2EFB9F929BCFC99009EA5E5 /* Release */,
			);
			defaultConfigurationIsVisible = 0;
			defaultConfigurationName = Release;
		};
		D2EFB9FA29BCFC99009EA5E5 /* Build configuration list for PBXNativeTarget "RehAppTests" */ = {
			isa = XCConfigurationList;
			buildConfigurations = (
				D2EFB9FB29BCFC99009EA5E5 /* Debug */,
				D2EFB9FC29BCFC99009EA5E5 /* Release */,
			);
			defaultConfigurationIsVisible = 0;
			defaultConfigurationName = Release;
		};
/* End XCConfigurationList section */

/* Begin XCRemoteSwiftPackageReference section */
		D26C80AD29BD01AA009393C3 /* XCRemoteSwiftPackageReference "RxSwift" */ = {
			isa = XCRemoteSwiftPackageReference;
			repositoryURL = "https://github.com/ReactiveX/RxSwift";
			requirement = {
				kind = upToNextMajorVersion;
				minimumVersion = 6.0.0;
			};
		};
/* End XCRemoteSwiftPackageReference section */

/* Begin XCSwiftPackageProductDependency section */
		D26C80AE29BD01AA009393C3 /* RxCocoa */ = {
			isa = XCSwiftPackageProductDependency;
			package = D26C80AD29BD01AA009393C3 /* XCRemoteSwiftPackageReference "RxSwift" */;
			productName = RxCocoa;
		};
		D26C80B029BD01AA009393C3 /* RxSwift */ = {
			isa = XCSwiftPackageProductDependency;
			package = D26C80AD29BD01AA009393C3 /* XCRemoteSwiftPackageReference "RxSwift" */;
			productName = RxSwift;
		};
/* End XCSwiftPackageProductDependency section */

/* Begin XCVersionGroup section */
		D256B29C29DB84D100EF79E7 /* RehAppCache.xcdatamodeld */ = {
			isa = XCVersionGroup;
			children = (
				D256B29D29DB84D100EF79E7 /* RehAppCoreData.xcdatamodel */,
			);
			currentVersion = D256B29D29DB84D100EF79E7 /* RehAppCoreData.xcdatamodel */;
			path = RehAppCache.xcdatamodeld;
			sourceTree = "<group>";
			versionGroupType = wrapper.xcdatamodel;
		};
/* End XCVersionGroup section */
	};
	rootObject = D2EFB9C229BCFC97009EA5E5 /* Project object */;
}
